
Microsoft Visual Studio Solution File, Format Version 12.00
# Visual Studio Version 18
VisualStudioVersion = 18.1.11312.151
MinimumVisualStudioVersion = 10.0.40219.1
Project("{2150E333-8FDC-42A3-9474-1A3956D46DE8}") = "src", "src", "{A1B2C3D4-E5F6-7890-ABCD-EF1234567890}"
EndProject
Project("{2150E333-8FDC-42A3-9474-1A3956D46DE8}") = "Common", "Common", "{B2C3D4E5-F6A7-8901-BCDE-F12345678901}"
EndProject
Project("{2150E333-8FDC-42A3-9474-1A3956D46DE8}") = "Api", "Api", "{C3D4E5F6-A7B8-9012-CDEF-123456789012}"
EndProject
Project("{2150E333-8FDC-42A3-9474-1A3956D46DE8}") = "Modules", "Modules", "{D4E5F6A7-B8C9-0123-DEF0-234567890123}"
EndProject
Project("{2150E333-8FDC-42A3-9474-1A3956D46DE8}") = "test", "test", "{66666666-6666-6666-6666-666666666666}"
EndProject
Project("{9A19103F-16F7-4668-BE54-9A1E7A4F7556}") = "Rtl.Core.Domain", "src\Common\Domain\Rtl.Core.Domain.csproj", "{E5F6A7B8-C9D0-1234-EF01-345678901234}"
EndProject
Project("{9A19103F-16F7-4668-BE54-9A1E7A4F7556}") = "Rtl.Core.Application", "src\Common\Application\Rtl.Core.Application.csproj", "{F6A7B8C9-D0E1-2345-F012-456789012345}"
EndProject
Project("{9A19103F-16F7-4668-BE54-9A1E7A4F7556}") = "Rtl.Core.Infrastructure", "src\Common\Infrastructure\Rtl.Core.Infrastructure.csproj", "{A7B8C9D0-E1F2-3456-0123-567890123456}"
EndProject
Project("{9A19103F-16F7-4668-BE54-9A1E7A4F7556}") = "Rtl.Core.Presentation", "src\Common\Presentation\Rtl.Core.Presentation.csproj", "{B8C9D0E1-F2A3-4567-1234-678901234567}"
EndProject
Project("{9A19103F-16F7-4668-BE54-9A1E7A4F7556}") = "Rtl.Core.Api", "src\Api\Host\Rtl.Core.Api.csproj", "{C9D0E1F2-A3B4-5678-2345-789012345678}"
EndProject
Project("{9A19103F-16F7-4668-BE54-9A1E7A4F7556}") = "Rtl.Core.ArchitectureTests", "test\ArchitectureTests\Rtl.Core.ArchitectureTests.csproj", "{77777777-7777-7777-7777-777777777777}"
EndProject
Project("{2150E333-8FDC-42A3-9474-1A3956D46DE8}") = "SampleSales", "SampleSales", "{1CF6108A-1185-35DE-5336-C1AA265239B1}"
EndProject
Project("{FAE04EC0-301F-11D3-BF4B-00C04F79EFBC}") = "Modules.SampleSales.Domain", "src\Modules\SampleSales\Domain\Modules.SampleSales.Domain.csproj", "{B2EAACFF-A197-41CE-BE3D-07A0A0772EA8}"
EndProject
Project("{FAE04EC0-301F-11D3-BF4B-00C04F79EFBC}") = "Modules.SampleSales.Application", "src\Modules\SampleSales\Application\Modules.SampleSales.Application.csproj", "{0FCD0F38-8509-419D-AAF7-D028DE7D706A}"
EndProject
Project("{FAE04EC0-301F-11D3-BF4B-00C04F79EFBC}") = "Modules.SampleSales.IntegrationEvents", "src\Modules\SampleSales\IntegrationEvents\Modules.SampleSales.IntegrationEvents.csproj", "{669554E2-7FD5-4E67-AB21-3A845234832B}"
EndProject
Project("{2150E333-8FDC-42A3-9474-1A3956D46DE8}") = "SampleOrders", "SampleOrders", "{D1808495-CEA6-9182-464B-E341048D0084}"
EndProject
Project("{FAE04EC0-301F-11D3-BF4B-00C04F79EFBC}") = "Modules.SampleOrders.IntegrationEvents", "src\Modules\SampleOrders\IntegrationEvents\Modules.SampleOrders.IntegrationEvents.csproj", "{C3576F69-20DB-440D-BD53-8DAE00EF5D3A}"
EndProject
Project("{FAE04EC0-301F-11D3-BF4B-00C04F79EFBC}") = "Modules.SampleSales.Infrastructure", "src\Modules\SampleSales\Infrastructure\Modules.SampleSales.Infrastructure.csproj", "{63C47541-7654-409D-8DB4-BA045427725F}"
EndProject
Project("{FAE04EC0-301F-11D3-BF4B-00C04F79EFBC}") = "Modules.SampleSales.Presentation", "src\Modules\SampleSales\Presentation\Modules.SampleSales.Presentation.csproj", "{167CAECA-4AA2-4F97-AE4F-3A822445F2BF}"
EndProject
Project("{FAE04EC0-301F-11D3-BF4B-00C04F79EFBC}") = "Modules.SampleOrders.Domain", "src\Modules\SampleOrders\Domain\Modules.SampleOrders.Domain.csproj", "{5879098A-2DB3-437A-AB24-D714BF41DE3B}"
EndProject
Project("{FAE04EC0-301F-11D3-BF4B-00C04F79EFBC}") = "Modules.SampleOrders.Application", "src\Modules\SampleOrders\Application\Modules.SampleOrders.Application.csproj", "{CE2D77F8-B6C7-4BE3-BA94-F7530E869DB9}"
EndProject
Project("{FAE04EC0-301F-11D3-BF4B-00C04F79EFBC}") = "Modules.SampleOrders.Infrastructure", "src\Modules\SampleOrders\Infrastructure\Modules.SampleOrders.Infrastructure.csproj", "{AA87B7B7-CEA3-4E5C-B62C-8EAC2B8898D6}"
EndProject
Project("{FAE04EC0-301F-11D3-BF4B-00C04F79EFBC}") = "Modules.SampleOrders.Presentation", "src\Modules\SampleOrders\Presentation\Modules.SampleOrders.Presentation.csproj", "{63A5CEAD-1133-4137-A4F8-4303B14CCC29}"
EndProject
Project("{2150E333-8FDC-42A3-9474-1A3956D46DE8}") = "test", "test", "{18DAEF29-55A3-BEDD-F3E8-9126768E3534}"
EndProject
Project("{FAE04EC0-301F-11D3-BF4B-00C04F79EFBC}") = "Modules.SampleSales.Domain.Tests", "src\Modules\SampleSales\test\Domain.Tests\Modules.SampleSales.Domain.Tests.csproj", "{25B13C2D-1496-4D86-82AF-4B416EC0DEED}"
EndProject
Project("{FAE04EC0-301F-11D3-BF4B-00C04F79EFBC}") = "Modules.SampleSales.Application.Tests", "src\Modules\SampleSales\test\Application.Tests\Modules.SampleSales.Application.Tests.csproj", "{A4E7DD2B-B904-4AA4-B196-D134609FE46C}"
EndProject
Project("{2150E333-8FDC-42A3-9474-1A3956D46DE8}") = "test", "test", "{9A805616-B6DC-3A22-2787-69BF736FCE68}"
EndProject
Project("{FAE04EC0-301F-11D3-BF4B-00C04F79EFBC}") = "Modules.SampleOrders.Domain.Tests", "src\Modules\SampleOrders\test\Domain.Tests\Modules.SampleOrders.Domain.Tests.csproj", "{84D65A12-0560-4583-9B26-715294362703}"
EndProject
Project("{FAE04EC0-301F-11D3-BF4B-00C04F79EFBC}") = "Modules.SampleOrders.Application.Tests", "src\Modules\SampleOrders\test\Application.Tests\Modules.SampleOrders.Application.Tests.csproj", "{2F2298F5-5C4A-4071-9FC0-3D642C545EB0}"
EndProject
Project("{2150E333-8FDC-42A3-9474-1A3956D46DE8}") = "test", "test", "{D269E6B0-7F09-94EF-0285-FCEBCC09D17C}"
EndProject
Project("{FAE04EC0-301F-11D3-BF4B-00C04F79EFBC}") = "Rtl.Core.IntegrationTests", "src\Common\test\IntegrationTests\Rtl.Core.IntegrationTests.csproj", "{690240BD-4077-4DB1-929B-8A5B8A58A22F}"
EndProject
Project("{FAE04EC0-301F-11D3-BF4B-00C04F79EFBC}") = "Modules.SampleSales.IntegrationTests", "src\Modules\SampleSales\test\IntegrationTests\Modules.SampleSales.IntegrationTests.csproj", "{E66C60B9-BF26-4A3C-ADED-75C35791AEC6}"
EndProject
Project("{FAE04EC0-301F-11D3-BF4B-00C04F79EFBC}") = "Rtl.Core.Api.SampleOrders", "src\Api\Host.SampleOrders\Rtl.Core.Api.SampleOrders.csproj", "{BCA061CF-6D5A-432E-B341-691E92DBE828}"
EndProject
Project("{FAE04EC0-301F-11D3-BF4B-00C04F79EFBC}") = "Rtl.Core.Api.SampleSales", "src\Api\Host.SampleSales\Rtl.Core.Api.SampleSales.csproj", "{DCC07720-D865-4BD9-BB84-DC62945328D1}"
EndProject
Project("{FAE04EC0-301F-11D3-BF4B-00C04F79EFBC}") = "Rtl.Core.Api.Shared", "src\Api\Shared\Rtl.Core.Api.Shared.csproj", "{6773C282-E79C-427A-B132-D74AA34204FD}"
EndProject
Project("{FAE04EC0-301F-11D3-BF4B-00C04F79EFBC}") = "Rtl.Core.Domain.Tests", "src\Common\test\Domain.Tests\Rtl.Core.Domain.Tests.csproj", "{1DA8AD2E-D8C3-47BA-BBB2-F7AEBA885810}"
EndProject
Project("{FAE04EC0-301F-11D3-BF4B-00C04F79EFBC}") = "Rtl.Core.Application.Tests", "src\Common\test\Application.Tests\Rtl.Core.Application.Tests.csproj", "{35CD94B1-9953-427A-9BD3-CCB8663666D3}"
EndProject
Project("{FAE04EC0-301F-11D3-BF4B-00C04F79EFBC}") = "Rtl.Core.Infrastructure.Tests", "src\Common\test\Infrastructure.Tests\Rtl.Core.Infrastructure.Tests.csproj", "{8482BE51-3901-4962-8301-6FB3EA5C992A}"
EndProject
Project("{FAE04EC0-301F-11D3-BF4B-00C04F79EFBC}") = "Rtl.Core.Presentation.Tests", "src\Common\test\Presentation.Tests\Rtl.Core.Presentation.Tests.csproj", "{6E8ADB59-D9F3-4E51-B584-9214AB21BFE3}"
EndProject
Project("{2150E333-8FDC-42A3-9474-1A3956D46DE8}") = "Customer", "Customer", "{3FA4779A-B4DD-7F87-4120-DFA01464BE5F}"
EndProject
Project("{FAE04EC0-301F-11D3-BF4B-00C04F79EFBC}") = "Modules.Customer.Domain", "src\Modules\Customer\Domain\Modules.Customer.Domain.csproj", "{13A02B45-9A35-47E3-B2A2-AC37582508B5}"
EndProject
Project("{FAE04EC0-301F-11D3-BF4B-00C04F79EFBC}") = "Modules.Customer.Application", "src\Modules\Customer\Application\Modules.Customer.Application.csproj", "{D771CD15-F363-46CA-82E6-AF806C4B7BB0}"
EndProject
Project("{FAE04EC0-301F-11D3-BF4B-00C04F79EFBC}") = "Modules.Customer.IntegrationEvents", "src\Modules\Customer\IntegrationEvents\Modules.Customer.IntegrationEvents.csproj", "{6AD1ED07-7D5A-41F6-B782-483B8F806789}"
EndProject
Project("{FAE04EC0-301F-11D3-BF4B-00C04F79EFBC}") = "Modules.Customer.Infrastructure", "src\Modules\Customer\Infrastructure\Modules.Customer.Infrastructure.csproj", "{4C863939-04CE-4914-9B03-0F594BA415E1}"
EndProject
Project("{FAE04EC0-301F-11D3-BF4B-00C04F79EFBC}") = "Modules.Customer.Presentation", "src\Modules\Customer\Presentation\Modules.Customer.Presentation.csproj", "{2029975D-E689-4C7F-BFAA-2B9EDF7364A8}"
EndProject
Project("{2150E333-8FDC-42A3-9474-1A3956D46DE8}") = "test", "test", "{A8090CE6-3CAB-3C94-0010-A9FBD0FB5AA0}"
EndProject
Project("{FAE04EC0-301F-11D3-BF4B-00C04F79EFBC}") = "Modules.Customer.Domain.Tests", "src\Modules\Customer\test\Domain.Tests\Modules.Customer.Domain.Tests.csproj", "{48707863-E9C1-4332-B792-37F9A8AA7E27}"
EndProject
Project("{FAE04EC0-301F-11D3-BF4B-00C04F79EFBC}") = "Modules.Customer.Application.Tests", "src\Modules\Customer\test\Application.Tests\Modules.Customer.Application.Tests.csproj", "{4F309DFE-5A2E-4CC5-B76E-44F83CD48356}"
EndProject
Project("{FAE04EC0-301F-11D3-BF4B-00C04F79EFBC}") = "Rtl.Core.Api.Customer", "src\Api\Host.Customer\Rtl.Core.Api.Customer.csproj", "{CB2DDD76-6835-4369-AB44-C3C0BF43E72C}"
EndProject
Project("{2150E333-8FDC-42A3-9474-1A3956D46DE8}") = "Inventory", "Inventory", "{F879747D-965E-4885-0712-40ADBFB10225}"
EndProject
Project("{FAE04EC0-301F-11D3-BF4B-00C04F79EFBC}") = "Modules.Inventory.Domain", "src\Modules\Inventory\Domain\Modules.Inventory.Domain.csproj", "{D517C249-517E-4223-AA4C-141AF140D797}"
EndProject
Project("{FAE04EC0-301F-11D3-BF4B-00C04F79EFBC}") = "Modules.Inventory.Application", "src\Modules\Inventory\Application\Modules.Inventory.Application.csproj", "{732922D0-9204-4BFD-B002-C9ABAB113D8E}"
EndProject
Project("{FAE04EC0-301F-11D3-BF4B-00C04F79EFBC}") = "Modules.Inventory.IntegrationEvents", "src\Modules\Inventory\IntegrationEvents\Modules.Inventory.IntegrationEvents.csproj", "{0D686A11-628E-4E30-979E-4E7D54A0BFE1}"
EndProject
Project("{FAE04EC0-301F-11D3-BF4B-00C04F79EFBC}") = "Modules.Inventory.Infrastructure", "src\Modules\Inventory\Infrastructure\Modules.Inventory.Infrastructure.csproj", "{626FD84C-B9C9-4EF9-8A9A-1993B11BE9EE}"
EndProject
Project("{FAE04EC0-301F-11D3-BF4B-00C04F79EFBC}") = "Modules.Inventory.Presentation", "src\Modules\Inventory\Presentation\Modules.Inventory.Presentation.csproj", "{AB2A164A-BEC9-49C7-B4E0-C350C59F238C}"
EndProject
Project("{2150E333-8FDC-42A3-9474-1A3956D46DE8}") = "test", "test", "{18092135-392A-8D61-9242-AECC221E0AF2}"
EndProject
Project("{FAE04EC0-301F-11D3-BF4B-00C04F79EFBC}") = "Modules.Inventory.Domain.Tests", "src\Modules\Inventory\test\Domain.Tests\Modules.Inventory.Domain.Tests.csproj", "{D8E3AB5D-1E62-4460-9165-E17C9AF288CE}"
EndProject
Project("{FAE04EC0-301F-11D3-BF4B-00C04F79EFBC}") = "Modules.Inventory.Application.Tests", "src\Modules\Inventory\test\Application.Tests\Modules.Inventory.Application.Tests.csproj", "{847CC7CF-B243-4100-AF93-1AA2D81EC2C5}"
EndProject
Project("{FAE04EC0-301F-11D3-BF4B-00C04F79EFBC}") = "Rtl.Core.Api.Inventory", "src\Api\Host.Inventory\Rtl.Core.Api.Inventory.csproj", "{5FC06DC4-7642-46E2-B0CE-3A9D7D4BEDA1}"
EndProject
Project("{2150E333-8FDC-42A3-9474-1A3956D46DE8}") = "Modules", "Modules", "{D9F8ECC2-4551-4678-B2FF-2245E98670B3}"
EndProject
Project("{FAE04EC0-301F-11D3-BF4B-00C04F79EFBC}") = "Modules.Sales.Domain", "src\Modules\Sales\Domain\Modules.Sales.Domain.csproj", "{73A50E39-953C-456E-A900-32C2D52C1616}"
EndProject
Project("{FAE04EC0-301F-11D3-BF4B-00C04F79EFBC}") = "Modules.Sales.Application", "src\Modules\Sales\Application\Modules.Sales.Application.csproj", "{DE809EA1-2EAB-4760-AC34-21957765E16F}"
EndProject
Project("{FAE04EC0-301F-11D3-BF4B-00C04F79EFBC}") = "Modules.Sales.IntegrationEvents", "src\Modules\Sales\IntegrationEvents\Modules.Sales.IntegrationEvents.csproj", "{563AD7FA-3EB6-435F-BCBF-E4A9E91F6D67}"
EndProject
Project("{FAE04EC0-301F-11D3-BF4B-00C04F79EFBC}") = "Modules.Sales.Presentation", "src\Modules\Sales\Presentation\Modules.Sales.Presentation.csproj", "{F816E408-D205-4F20-9912-1F9EC18A9F11}"
EndProject
Project("{FAE04EC0-301F-11D3-BF4B-00C04F79EFBC}") = "Modules.Sales.Infrastructure", "src\Modules\Sales\Infrastructure\Modules.Sales.Infrastructure.csproj", "{0C617447-170F-4E08-9092-510038E2B156}"
EndProject
Project("{FAE04EC0-301F-11D3-BF4B-00C04F79EFBC}") = "Modules.Sales.Domain.Tests", "src\Modules\Sales\test\Domain.Tests\Modules.Sales.Domain.Tests.csproj", "{3AFBA39E-1268-4530-9F66-FB5731549005}"
EndProject
Project("{FAE04EC0-301F-11D3-BF4B-00C04F79EFBC}") = "Modules.Sales.Application.Tests", "src\Modules\Sales\test\Application.Tests\Modules.Sales.Application.Tests.csproj", "{2F674587-648A-4A34-AD02-9546A935DCAF}"
EndProject
Project("{FAE04EC0-301F-11D3-BF4B-00C04F79EFBC}") = "Rtl.Core.Api.Sales", "src\Api\Host.Sales\Rtl.Core.Api.Sales.csproj", "{41F840BF-FF2B-42E7-A0E5-0030467F53DA}"
EndProject
Project("{2150E333-8FDC-42A3-9474-1A3956D46DE8}") = "Organization", "Organization", "{3430B5D7-3442-E940-2D9C-B36223823D65}"
EndProject
Project("{FAE04EC0-301F-11D3-BF4B-00C04F79EFBC}") = "Modules.Organization.Domain", "src\Modules\Organization\Domain\Modules.Organization.Domain.csproj", "{6C1CED68-70AB-45FF-B879-DB68CA4C5093}"
EndProject
Project("{FAE04EC0-301F-11D3-BF4B-00C04F79EFBC}") = "Modules.Organization.Application", "src\Modules\Organization\Application\Modules.Organization.Application.csproj", "{2191B40B-905A-46CB-92AC-35298B2B8A49}"
EndProject
Project("{FAE04EC0-301F-11D3-BF4B-00C04F79EFBC}") = "Modules.Organization.IntegrationEvents", "src\Modules\Organization\IntegrationEvents\Modules.Organization.IntegrationEvents.csproj", "{721630C4-E23F-4B81-A1CC-4D94E2661E01}"
EndProject
Project("{FAE04EC0-301F-11D3-BF4B-00C04F79EFBC}") = "Modules.Organization.Presentation", "src\Modules\Organization\Presentation\Modules.Organization.Presentation.csproj", "{9E3A2799-1357-4C92-8E80-1C9D700DBFFF}"
EndProject
Project("{FAE04EC0-301F-11D3-BF4B-00C04F79EFBC}") = "Modules.Organization.Infrastructure", "src\Modules\Organization\Infrastructure\Modules.Organization.Infrastructure.csproj", "{D6A640CC-C153-4AD3-B5A9-446C49D585DC}"
EndProject
Project("{FAE04EC0-301F-11D3-BF4B-00C04F79EFBC}") = "Modules.Organization.Domain.Tests", "src\Modules\Organization\test\Domain.Tests\Modules.Organization.Domain.Tests.csproj", "{04EE9CA2-55D8-4580-BAA9-ADE66C64DD2E}"
EndProject
Project("{FAE04EC0-301F-11D3-BF4B-00C04F79EFBC}") = "Modules.Organization.Application.Tests", "src\Modules\Organization\test\Application.Tests\Modules.Organization.Application.Tests.csproj", "{07B9519C-A188-4C94-A484-43FF95CA9623}"
EndProject
Project("{FAE04EC0-301F-11D3-BF4B-00C04F79EFBC}") = "Rtl.Core.Api.Organization", "src\Api\Host.Organization\Rtl.Core.Api.Organization.csproj", "{58FB6B9A-8657-44C4-8572-F6DE13C794AA}"
EndProject
Project("{2150E333-8FDC-42A3-9474-1A3956D46DE8}") = "Sales", "Sales", "{AA11BB22-CC33-DD44-EE55-FF6677889900}"
EndProject
Project("{2150E333-8FDC-42A3-9474-1A3956D46DE8}") = "test", "test", "{AA11BB22-CC33-DD44-EE55-FF6677889901}"
EndProject
Project("{2150E333-8FDC-42A3-9474-1A3956D46DE8}") = "test", "test", "{AA11BB22-CC33-DD44-EE55-FF6677889902}"
EndProject
Project("{2150E333-8FDC-42A3-9474-1A3956D46DE8}") = "Funding", "Funding", "{70E98E03-AC82-43E4-220E-F6AEC3CB80D8}"
EndProject
Project("{FAE04EC0-301F-11D3-BF4B-00C04F79EFBC}") = "Modules.Funding.Domain", "src\Modules\Funding\Domain\Modules.Funding.Domain.csproj", "{60635103-ACE5-46AD-A669-180A5085381F}"
EndProject
Project("{FAE04EC0-301F-11D3-BF4B-00C04F79EFBC}") = "Modules.Funding.Application", "src\Modules\Funding\Application\Modules.Funding.Application.csproj", "{74F9C662-E235-473F-BAC5-638534CD4EDA}"
EndProject
Project("{FAE04EC0-301F-11D3-BF4B-00C04F79EFBC}") = "Modules.Funding.IntegrationEvents", "src\Modules\Funding\IntegrationEvents\Modules.Funding.IntegrationEvents.csproj", "{A1B204F8-224F-4FD0-B653-9EAA7C3477EF}"
EndProject
Project("{FAE04EC0-301F-11D3-BF4B-00C04F79EFBC}") = "Modules.Funding.Presentation", "src\Modules\Funding\Presentation\Modules.Funding.Presentation.csproj", "{06F56581-69C8-4435-8C53-858595C293AB}"
EndProject
Project("{FAE04EC0-301F-11D3-BF4B-00C04F79EFBC}") = "Modules.Funding.Infrastructure", "src\Modules\Funding\Infrastructure\Modules.Funding.Infrastructure.csproj", "{1EF3F98E-24D4-4544-8FCF-4911F6B77D1A}"
EndProject
Project("{2150E333-8FDC-42A3-9474-1A3956D46DE8}") = "test", "test", "{A0291D13-C5A3-FA81-1485-8AE021BD95AF}"
EndProject
Project("{FAE04EC0-301F-11D3-BF4B-00C04F79EFBC}") = "Modules.Funding.Domain.Tests", "src\Modules\Funding\test\Domain.Tests\Modules.Funding.Domain.Tests.csproj", "{4F16C192-4E6B-4380-B8EC-88740576A888}"
EndProject
Project("{FAE04EC0-301F-11D3-BF4B-00C04F79EFBC}") = "Modules.Funding.Application.Tests", "src\Modules\Funding\test\Application.Tests\Modules.Funding.Application.Tests.csproj", "{089DF566-4D9F-4B11-B074-A52CE16BC320}"
EndProject
Project("{FAE04EC0-301F-11D3-BF4B-00C04F79EFBC}") = "Rtl.Core.Api.Funding", "src\Api\Host.Funding\Rtl.Core.Api.Funding.csproj", "{32C8A125-E39E-40D3-8738-279ACD53C321}"
EndProject
Project("{2150E333-8FDC-42A3-9474-1A3956D46DE8}") = "Integration", "Integration", "{BFD4F00A-D8F0-81C5-5117-5DD93F7A8986}"
EndProject
Project("{2150E333-8FDC-42A3-9474-1A3956D46DE8}") = "EndpointTests", "EndpointTests", "{E8DF2634-CA3E-FA88-3218-77D978292FA9}"
EndProject
Project("{FAE04EC0-301F-11D3-BF4B-00C04F79EFBC}") = "Modules.Sales.EndpointTests", "src\Modules\Sales\test\Integration\EndpointTests\Modules.Sales.EndpointTests.csproj", "{E6C96790-14BE-4F69-8542-EA127F4DB962}"
EndProject
Project("{2150E333-8FDC-42A3-9474-1A3956D46DE8}") = "IntegrationTests", "IntegrationTests", "{B6BF9FAE-9C9A-B581-FC36-1ED05E9F4663}"
EndProject
Project("{2150E333-8FDC-42A3-9474-1A3956D46DE8}") = "Infrastructure", "Infrastructure", "{BB9FCDBE-0436-DE42-9F15-2E86DB1B7077}"
EndProject
Project("{2150E333-8FDC-42A3-9474-1A3956D46DE8}") = "EventConsumerTests", "EventConsumerTests", "{C926C4F8-2636-93EF-5370-E1D6B98289F1}"
EndProject
Project("{FAE04EC0-301F-11D3-BF4B-00C04F79EFBC}") = "Modules.Sales.EventConsumerTests", "src\Modules\Sales\test\Integration\EventConsumerTests\Modules.Sales.EventConsumerTests.csproj", "{CF1F744A-70EF-4A9D-88D2-2F4764BDDAEA}"
EndProject
Project("{2150E333-8FDC-42A3-9474-1A3956D46DE8}") = "Infrastructure", "Infrastructure", "{2D0C9C45-CB9E-14DC-B51B-A0D6F29378F6}"
EndProject
Project("{2150E333-8FDC-42A3-9474-1A3956D46DE8}") = "Shared", "Shared", "{12E16FE0-C5A5-04BF-D047-1277506A7E35}"
EndProject
Project("{FAE04EC0-301F-11D3-BF4B-00C04F79EFBC}") = "Modules.Sales.Integration.Shared", "src\Modules\Sales\test\Integration\Shared\Modules.Sales.Integration.Shared.csproj", "{9960F15F-4FD6-4CAD-A88D-F6598F42C573}"
EndProject
Global
	GlobalSection(SolutionConfigurationPlatforms) = preSolution
		Debug|Any CPU = Debug|Any CPU
		Debug|x64 = Debug|x64
		Debug|x86 = Debug|x86
		Release|Any CPU = Release|Any CPU
		Release|x64 = Release|x64
		Release|x86 = Release|x86
	EndGlobalSection
	GlobalSection(ProjectConfigurationPlatforms) = postSolution
		{E5F6A7B8-C9D0-1234-EF01-345678901234}.Debug|Any CPU.ActiveCfg = Debug|Any CPU
		{E5F6A7B8-C9D0-1234-EF01-345678901234}.Debug|Any CPU.Build.0 = Debug|Any CPU
		{E5F6A7B8-C9D0-1234-EF01-345678901234}.Debug|x64.ActiveCfg = Debug|Any CPU
		{E5F6A7B8-C9D0-1234-EF01-345678901234}.Debug|x64.Build.0 = Debug|Any CPU
		{E5F6A7B8-C9D0-1234-EF01-345678901234}.Debug|x86.ActiveCfg = Debug|Any CPU
		{E5F6A7B8-C9D0-1234-EF01-345678901234}.Debug|x86.Build.0 = Debug|Any CPU
		{E5F6A7B8-C9D0-1234-EF01-345678901234}.Release|Any CPU.ActiveCfg = Release|Any CPU
		{E5F6A7B8-C9D0-1234-EF01-345678901234}.Release|Any CPU.Build.0 = Release|Any CPU
		{E5F6A7B8-C9D0-1234-EF01-345678901234}.Release|x64.ActiveCfg = Release|Any CPU
		{E5F6A7B8-C9D0-1234-EF01-345678901234}.Release|x64.Build.0 = Release|Any CPU
		{E5F6A7B8-C9D0-1234-EF01-345678901234}.Release|x86.ActiveCfg = Release|Any CPU
		{E5F6A7B8-C9D0-1234-EF01-345678901234}.Release|x86.Build.0 = Release|Any CPU
		{F6A7B8C9-D0E1-2345-F012-456789012345}.Debug|Any CPU.ActiveCfg = Debug|Any CPU
		{F6A7B8C9-D0E1-2345-F012-456789012345}.Debug|Any CPU.Build.0 = Debug|Any CPU
		{F6A7B8C9-D0E1-2345-F012-456789012345}.Debug|x64.ActiveCfg = Debug|Any CPU
		{F6A7B8C9-D0E1-2345-F012-456789012345}.Debug|x64.Build.0 = Debug|Any CPU
		{F6A7B8C9-D0E1-2345-F012-456789012345}.Debug|x86.ActiveCfg = Debug|Any CPU
		{F6A7B8C9-D0E1-2345-F012-456789012345}.Debug|x86.Build.0 = Debug|Any CPU
		{F6A7B8C9-D0E1-2345-F012-456789012345}.Release|Any CPU.ActiveCfg = Release|Any CPU
		{F6A7B8C9-D0E1-2345-F012-456789012345}.Release|Any CPU.Build.0 = Release|Any CPU
		{F6A7B8C9-D0E1-2345-F012-456789012345}.Release|x64.ActiveCfg = Release|Any CPU
		{F6A7B8C9-D0E1-2345-F012-456789012345}.Release|x64.Build.0 = Release|Any CPU
		{F6A7B8C9-D0E1-2345-F012-456789012345}.Release|x86.ActiveCfg = Release|Any CPU
		{F6A7B8C9-D0E1-2345-F012-456789012345}.Release|x86.Build.0 = Release|Any CPU
		{A7B8C9D0-E1F2-3456-0123-567890123456}.Debug|Any CPU.ActiveCfg = Debug|Any CPU
		{A7B8C9D0-E1F2-3456-0123-567890123456}.Debug|Any CPU.Build.0 = Debug|Any CPU
		{A7B8C9D0-E1F2-3456-0123-567890123456}.Debug|x64.ActiveCfg = Debug|Any CPU
		{A7B8C9D0-E1F2-3456-0123-567890123456}.Debug|x64.Build.0 = Debug|Any CPU
		{A7B8C9D0-E1F2-3456-0123-567890123456}.Debug|x86.ActiveCfg = Debug|Any CPU
		{A7B8C9D0-E1F2-3456-0123-567890123456}.Debug|x86.Build.0 = Debug|Any CPU
		{A7B8C9D0-E1F2-3456-0123-567890123456}.Release|Any CPU.ActiveCfg = Release|Any CPU
		{A7B8C9D0-E1F2-3456-0123-567890123456}.Release|Any CPU.Build.0 = Release|Any CPU
		{A7B8C9D0-E1F2-3456-0123-567890123456}.Release|x64.ActiveCfg = Release|Any CPU
		{A7B8C9D0-E1F2-3456-0123-567890123456}.Release|x64.Build.0 = Release|Any CPU
		{A7B8C9D0-E1F2-3456-0123-567890123456}.Release|x86.ActiveCfg = Release|Any CPU
		{A7B8C9D0-E1F2-3456-0123-567890123456}.Release|x86.Build.0 = Release|Any CPU
		{B8C9D0E1-F2A3-4567-1234-678901234567}.Debug|Any CPU.ActiveCfg = Debug|Any CPU
		{B8C9D0E1-F2A3-4567-1234-678901234567}.Debug|Any CPU.Build.0 = Debug|Any CPU
		{B8C9D0E1-F2A3-4567-1234-678901234567}.Debug|x64.ActiveCfg = Debug|Any CPU
		{B8C9D0E1-F2A3-4567-1234-678901234567}.Debug|x64.Build.0 = Debug|Any CPU
		{B8C9D0E1-F2A3-4567-1234-678901234567}.Debug|x86.ActiveCfg = Debug|Any CPU
		{B8C9D0E1-F2A3-4567-1234-678901234567}.Debug|x86.Build.0 = Debug|Any CPU
		{B8C9D0E1-F2A3-4567-1234-678901234567}.Release|Any CPU.ActiveCfg = Release|Any CPU
		{B8C9D0E1-F2A3-4567-1234-678901234567}.Release|Any CPU.Build.0 = Release|Any CPU
		{B8C9D0E1-F2A3-4567-1234-678901234567}.Release|x64.ActiveCfg = Release|Any CPU
		{B8C9D0E1-F2A3-4567-1234-678901234567}.Release|x64.Build.0 = Release|Any CPU
		{B8C9D0E1-F2A3-4567-1234-678901234567}.Release|x86.ActiveCfg = Release|Any CPU
		{B8C9D0E1-F2A3-4567-1234-678901234567}.Release|x86.Build.0 = Release|Any CPU
		{C9D0E1F2-A3B4-5678-2345-789012345678}.Debug|Any CPU.ActiveCfg = Debug|Any CPU
		{C9D0E1F2-A3B4-5678-2345-789012345678}.Debug|Any CPU.Build.0 = Debug|Any CPU
		{C9D0E1F2-A3B4-5678-2345-789012345678}.Debug|x64.ActiveCfg = Debug|Any CPU
		{C9D0E1F2-A3B4-5678-2345-789012345678}.Debug|x64.Build.0 = Debug|Any CPU
		{C9D0E1F2-A3B4-5678-2345-789012345678}.Debug|x86.ActiveCfg = Debug|Any CPU
		{C9D0E1F2-A3B4-5678-2345-789012345678}.Debug|x86.Build.0 = Debug|Any CPU
		{C9D0E1F2-A3B4-5678-2345-789012345678}.Release|Any CPU.ActiveCfg = Release|Any CPU
		{C9D0E1F2-A3B4-5678-2345-789012345678}.Release|Any CPU.Build.0 = Release|Any CPU
		{C9D0E1F2-A3B4-5678-2345-789012345678}.Release|x64.ActiveCfg = Release|Any CPU
		{C9D0E1F2-A3B4-5678-2345-789012345678}.Release|x64.Build.0 = Release|Any CPU
		{C9D0E1F2-A3B4-5678-2345-789012345678}.Release|x86.ActiveCfg = Release|Any CPU
		{C9D0E1F2-A3B4-5678-2345-789012345678}.Release|x86.Build.0 = Release|Any CPU
		{77777777-7777-7777-7777-777777777777}.Debug|Any CPU.ActiveCfg = Debug|Any CPU
		{77777777-7777-7777-7777-777777777777}.Debug|Any CPU.Build.0 = Debug|Any CPU
		{77777777-7777-7777-7777-777777777777}.Debug|x64.ActiveCfg = Debug|Any CPU
		{77777777-7777-7777-7777-777777777777}.Debug|x64.Build.0 = Debug|Any CPU
		{77777777-7777-7777-7777-777777777777}.Debug|x86.ActiveCfg = Debug|Any CPU
		{77777777-7777-7777-7777-777777777777}.Debug|x86.Build.0 = Debug|Any CPU
		{77777777-7777-7777-7777-777777777777}.Release|Any CPU.ActiveCfg = Release|Any CPU
		{77777777-7777-7777-7777-777777777777}.Release|Any CPU.Build.0 = Release|Any CPU
		{77777777-7777-7777-7777-777777777777}.Release|x64.ActiveCfg = Release|Any CPU
		{77777777-7777-7777-7777-777777777777}.Release|x64.Build.0 = Release|Any CPU
		{77777777-7777-7777-7777-777777777777}.Release|x86.ActiveCfg = Release|Any CPU
		{77777777-7777-7777-7777-777777777777}.Release|x86.Build.0 = Release|Any CPU
		{B2EAACFF-A197-41CE-BE3D-07A0A0772EA8}.Debug|Any CPU.ActiveCfg = Debug|Any CPU
		{B2EAACFF-A197-41CE-BE3D-07A0A0772EA8}.Debug|Any CPU.Build.0 = Debug|Any CPU
		{B2EAACFF-A197-41CE-BE3D-07A0A0772EA8}.Debug|x64.ActiveCfg = Debug|Any CPU
		{B2EAACFF-A197-41CE-BE3D-07A0A0772EA8}.Debug|x64.Build.0 = Debug|Any CPU
		{B2EAACFF-A197-41CE-BE3D-07A0A0772EA8}.Debug|x86.ActiveCfg = Debug|Any CPU
		{B2EAACFF-A197-41CE-BE3D-07A0A0772EA8}.Debug|x86.Build.0 = Debug|Any CPU
		{B2EAACFF-A197-41CE-BE3D-07A0A0772EA8}.Release|Any CPU.ActiveCfg = Release|Any CPU
		{B2EAACFF-A197-41CE-BE3D-07A0A0772EA8}.Release|Any CPU.Build.0 = Release|Any CPU
		{B2EAACFF-A197-41CE-BE3D-07A0A0772EA8}.Release|x64.ActiveCfg = Release|Any CPU
		{B2EAACFF-A197-41CE-BE3D-07A0A0772EA8}.Release|x64.Build.0 = Release|Any CPU
		{B2EAACFF-A197-41CE-BE3D-07A0A0772EA8}.Release|x86.ActiveCfg = Release|Any CPU
		{B2EAACFF-A197-41CE-BE3D-07A0A0772EA8}.Release|x86.Build.0 = Release|Any CPU
		{0FCD0F38-8509-419D-AAF7-D028DE7D706A}.Debug|Any CPU.ActiveCfg = Debug|Any CPU
		{0FCD0F38-8509-419D-AAF7-D028DE7D706A}.Debug|Any CPU.Build.0 = Debug|Any CPU
		{0FCD0F38-8509-419D-AAF7-D028DE7D706A}.Debug|x64.ActiveCfg = Debug|Any CPU
		{0FCD0F38-8509-419D-AAF7-D028DE7D706A}.Debug|x64.Build.0 = Debug|Any CPU
		{0FCD0F38-8509-419D-AAF7-D028DE7D706A}.Debug|x86.ActiveCfg = Debug|Any CPU
		{0FCD0F38-8509-419D-AAF7-D028DE7D706A}.Debug|x86.Build.0 = Debug|Any CPU
		{0FCD0F38-8509-419D-AAF7-D028DE7D706A}.Release|Any CPU.ActiveCfg = Release|Any CPU
		{0FCD0F38-8509-419D-AAF7-D028DE7D706A}.Release|Any CPU.Build.0 = Release|Any CPU
		{0FCD0F38-8509-419D-AAF7-D028DE7D706A}.Release|x64.ActiveCfg = Release|Any CPU
		{0FCD0F38-8509-419D-AAF7-D028DE7D706A}.Release|x64.Build.0 = Release|Any CPU
		{0FCD0F38-8509-419D-AAF7-D028DE7D706A}.Release|x86.ActiveCfg = Release|Any CPU
		{0FCD0F38-8509-419D-AAF7-D028DE7D706A}.Release|x86.Build.0 = Release|Any CPU
		{669554E2-7FD5-4E67-AB21-3A845234832B}.Debug|Any CPU.ActiveCfg = Debug|Any CPU
		{669554E2-7FD5-4E67-AB21-3A845234832B}.Debug|Any CPU.Build.0 = Debug|Any CPU
		{669554E2-7FD5-4E67-AB21-3A845234832B}.Debug|x64.ActiveCfg = Debug|Any CPU
		{669554E2-7FD5-4E67-AB21-3A845234832B}.Debug|x64.Build.0 = Debug|Any CPU
		{669554E2-7FD5-4E67-AB21-3A845234832B}.Debug|x86.ActiveCfg = Debug|Any CPU
		{669554E2-7FD5-4E67-AB21-3A845234832B}.Debug|x86.Build.0 = Debug|Any CPU
		{669554E2-7FD5-4E67-AB21-3A845234832B}.Release|Any CPU.ActiveCfg = Release|Any CPU
		{669554E2-7FD5-4E67-AB21-3A845234832B}.Release|Any CPU.Build.0 = Release|Any CPU
		{669554E2-7FD5-4E67-AB21-3A845234832B}.Release|x64.ActiveCfg = Release|Any CPU
		{669554E2-7FD5-4E67-AB21-3A845234832B}.Release|x64.Build.0 = Release|Any CPU
		{669554E2-7FD5-4E67-AB21-3A845234832B}.Release|x86.ActiveCfg = Release|Any CPU
		{669554E2-7FD5-4E67-AB21-3A845234832B}.Release|x86.Build.0 = Release|Any CPU
		{C3576F69-20DB-440D-BD53-8DAE00EF5D3A}.Debug|Any CPU.ActiveCfg = Debug|Any CPU
		{C3576F69-20DB-440D-BD53-8DAE00EF5D3A}.Debug|Any CPU.Build.0 = Debug|Any CPU
		{C3576F69-20DB-440D-BD53-8DAE00EF5D3A}.Debug|x64.ActiveCfg = Debug|Any CPU
		{C3576F69-20DB-440D-BD53-8DAE00EF5D3A}.Debug|x64.Build.0 = Debug|Any CPU
		{C3576F69-20DB-440D-BD53-8DAE00EF5D3A}.Debug|x86.ActiveCfg = Debug|Any CPU
		{C3576F69-20DB-440D-BD53-8DAE00EF5D3A}.Debug|x86.Build.0 = Debug|Any CPU
		{C3576F69-20DB-440D-BD53-8DAE00EF5D3A}.Release|Any CPU.ActiveCfg = Release|Any CPU
		{C3576F69-20DB-440D-BD53-8DAE00EF5D3A}.Release|Any CPU.Build.0 = Release|Any CPU
		{C3576F69-20DB-440D-BD53-8DAE00EF5D3A}.Release|x64.ActiveCfg = Release|Any CPU
		{C3576F69-20DB-440D-BD53-8DAE00EF5D3A}.Release|x64.Build.0 = Release|Any CPU
		{C3576F69-20DB-440D-BD53-8DAE00EF5D3A}.Release|x86.ActiveCfg = Release|Any CPU
		{C3576F69-20DB-440D-BD53-8DAE00EF5D3A}.Release|x86.Build.0 = Release|Any CPU
		{63C47541-7654-409D-8DB4-BA045427725F}.Debug|Any CPU.ActiveCfg = Debug|Any CPU
		{63C47541-7654-409D-8DB4-BA045427725F}.Debug|Any CPU.Build.0 = Debug|Any CPU
		{63C47541-7654-409D-8DB4-BA045427725F}.Debug|x64.ActiveCfg = Debug|Any CPU
		{63C47541-7654-409D-8DB4-BA045427725F}.Debug|x64.Build.0 = Debug|Any CPU
		{63C47541-7654-409D-8DB4-BA045427725F}.Debug|x86.ActiveCfg = Debug|Any CPU
		{63C47541-7654-409D-8DB4-BA045427725F}.Debug|x86.Build.0 = Debug|Any CPU
		{63C47541-7654-409D-8DB4-BA045427725F}.Release|Any CPU.ActiveCfg = Release|Any CPU
		{63C47541-7654-409D-8DB4-BA045427725F}.Release|Any CPU.Build.0 = Release|Any CPU
		{63C47541-7654-409D-8DB4-BA045427725F}.Release|x64.ActiveCfg = Release|Any CPU
		{63C47541-7654-409D-8DB4-BA045427725F}.Release|x64.Build.0 = Release|Any CPU
		{63C47541-7654-409D-8DB4-BA045427725F}.Release|x86.ActiveCfg = Release|Any CPU
		{63C47541-7654-409D-8DB4-BA045427725F}.Release|x86.Build.0 = Release|Any CPU
		{167CAECA-4AA2-4F97-AE4F-3A822445F2BF}.Debug|Any CPU.ActiveCfg = Debug|Any CPU
		{167CAECA-4AA2-4F97-AE4F-3A822445F2BF}.Debug|Any CPU.Build.0 = Debug|Any CPU
		{167CAECA-4AA2-4F97-AE4F-3A822445F2BF}.Debug|x64.ActiveCfg = Debug|Any CPU
		{167CAECA-4AA2-4F97-AE4F-3A822445F2BF}.Debug|x64.Build.0 = Debug|Any CPU
		{167CAECA-4AA2-4F97-AE4F-3A822445F2BF}.Debug|x86.ActiveCfg = Debug|Any CPU
		{167CAECA-4AA2-4F97-AE4F-3A822445F2BF}.Debug|x86.Build.0 = Debug|Any CPU
		{167CAECA-4AA2-4F97-AE4F-3A822445F2BF}.Release|Any CPU.ActiveCfg = Release|Any CPU
		{167CAECA-4AA2-4F97-AE4F-3A822445F2BF}.Release|Any CPU.Build.0 = Release|Any CPU
		{167CAECA-4AA2-4F97-AE4F-3A822445F2BF}.Release|x64.ActiveCfg = Release|Any CPU
		{167CAECA-4AA2-4F97-AE4F-3A822445F2BF}.Release|x64.Build.0 = Release|Any CPU
		{167CAECA-4AA2-4F97-AE4F-3A822445F2BF}.Release|x86.ActiveCfg = Release|Any CPU
		{167CAECA-4AA2-4F97-AE4F-3A822445F2BF}.Release|x86.Build.0 = Release|Any CPU
		{5879098A-2DB3-437A-AB24-D714BF41DE3B}.Debug|Any CPU.ActiveCfg = Debug|Any CPU
		{5879098A-2DB3-437A-AB24-D714BF41DE3B}.Debug|Any CPU.Build.0 = Debug|Any CPU
		{5879098A-2DB3-437A-AB24-D714BF41DE3B}.Debug|x64.ActiveCfg = Debug|Any CPU
		{5879098A-2DB3-437A-AB24-D714BF41DE3B}.Debug|x64.Build.0 = Debug|Any CPU
		{5879098A-2DB3-437A-AB24-D714BF41DE3B}.Debug|x86.ActiveCfg = Debug|Any CPU
		{5879098A-2DB3-437A-AB24-D714BF41DE3B}.Debug|x86.Build.0 = Debug|Any CPU
		{5879098A-2DB3-437A-AB24-D714BF41DE3B}.Release|Any CPU.ActiveCfg = Release|Any CPU
		{5879098A-2DB3-437A-AB24-D714BF41DE3B}.Release|Any CPU.Build.0 = Release|Any CPU
		{5879098A-2DB3-437A-AB24-D714BF41DE3B}.Release|x64.ActiveCfg = Release|Any CPU
		{5879098A-2DB3-437A-AB24-D714BF41DE3B}.Release|x64.Build.0 = Release|Any CPU
		{5879098A-2DB3-437A-AB24-D714BF41DE3B}.Release|x86.ActiveCfg = Release|Any CPU
		{5879098A-2DB3-437A-AB24-D714BF41DE3B}.Release|x86.Build.0 = Release|Any CPU
		{CE2D77F8-B6C7-4BE3-BA94-F7530E869DB9}.Debug|Any CPU.ActiveCfg = Debug|Any CPU
		{CE2D77F8-B6C7-4BE3-BA94-F7530E869DB9}.Debug|Any CPU.Build.0 = Debug|Any CPU
		{CE2D77F8-B6C7-4BE3-BA94-F7530E869DB9}.Debug|x64.ActiveCfg = Debug|Any CPU
		{CE2D77F8-B6C7-4BE3-BA94-F7530E869DB9}.Debug|x64.Build.0 = Debug|Any CPU
		{CE2D77F8-B6C7-4BE3-BA94-F7530E869DB9}.Debug|x86.ActiveCfg = Debug|Any CPU
		{CE2D77F8-B6C7-4BE3-BA94-F7530E869DB9}.Debug|x86.Build.0 = Debug|Any CPU
		{CE2D77F8-B6C7-4BE3-BA94-F7530E869DB9}.Release|Any CPU.ActiveCfg = Release|Any CPU
		{CE2D77F8-B6C7-4BE3-BA94-F7530E869DB9}.Release|Any CPU.Build.0 = Release|Any CPU
		{CE2D77F8-B6C7-4BE3-BA94-F7530E869DB9}.Release|x64.ActiveCfg = Release|Any CPU
		{CE2D77F8-B6C7-4BE3-BA94-F7530E869DB9}.Release|x64.Build.0 = Release|Any CPU
		{CE2D77F8-B6C7-4BE3-BA94-F7530E869DB9}.Release|x86.ActiveCfg = Release|Any CPU
		{CE2D77F8-B6C7-4BE3-BA94-F7530E869DB9}.Release|x86.Build.0 = Release|Any CPU
		{AA87B7B7-CEA3-4E5C-B62C-8EAC2B8898D6}.Debug|Any CPU.ActiveCfg = Debug|Any CPU
		{AA87B7B7-CEA3-4E5C-B62C-8EAC2B8898D6}.Debug|Any CPU.Build.0 = Debug|Any CPU
		{AA87B7B7-CEA3-4E5C-B62C-8EAC2B8898D6}.Debug|x64.ActiveCfg = Debug|Any CPU
		{AA87B7B7-CEA3-4E5C-B62C-8EAC2B8898D6}.Debug|x64.Build.0 = Debug|Any CPU
		{AA87B7B7-CEA3-4E5C-B62C-8EAC2B8898D6}.Debug|x86.ActiveCfg = Debug|Any CPU
		{AA87B7B7-CEA3-4E5C-B62C-8EAC2B8898D6}.Debug|x86.Build.0 = Debug|Any CPU
		{AA87B7B7-CEA3-4E5C-B62C-8EAC2B8898D6}.Release|Any CPU.ActiveCfg = Release|Any CPU
		{AA87B7B7-CEA3-4E5C-B62C-8EAC2B8898D6}.Release|Any CPU.Build.0 = Release|Any CPU
		{AA87B7B7-CEA3-4E5C-B62C-8EAC2B8898D6}.Release|x64.ActiveCfg = Release|Any CPU
		{AA87B7B7-CEA3-4E5C-B62C-8EAC2B8898D6}.Release|x64.Build.0 = Release|Any CPU
		{AA87B7B7-CEA3-4E5C-B62C-8EAC2B8898D6}.Release|x86.ActiveCfg = Release|Any CPU
		{AA87B7B7-CEA3-4E5C-B62C-8EAC2B8898D6}.Release|x86.Build.0 = Release|Any CPU
		{63A5CEAD-1133-4137-A4F8-4303B14CCC29}.Debug|Any CPU.ActiveCfg = Debug|Any CPU
		{63A5CEAD-1133-4137-A4F8-4303B14CCC29}.Debug|Any CPU.Build.0 = Debug|Any CPU
		{63A5CEAD-1133-4137-A4F8-4303B14CCC29}.Debug|x64.ActiveCfg = Debug|Any CPU
		{63A5CEAD-1133-4137-A4F8-4303B14CCC29}.Debug|x64.Build.0 = Debug|Any CPU
		{63A5CEAD-1133-4137-A4F8-4303B14CCC29}.Debug|x86.ActiveCfg = Debug|Any CPU
		{63A5CEAD-1133-4137-A4F8-4303B14CCC29}.Debug|x86.Build.0 = Debug|Any CPU
		{63A5CEAD-1133-4137-A4F8-4303B14CCC29}.Release|Any CPU.ActiveCfg = Release|Any CPU
		{63A5CEAD-1133-4137-A4F8-4303B14CCC29}.Release|Any CPU.Build.0 = Release|Any CPU
		{63A5CEAD-1133-4137-A4F8-4303B14CCC29}.Release|x64.ActiveCfg = Release|Any CPU
		{63A5CEAD-1133-4137-A4F8-4303B14CCC29}.Release|x64.Build.0 = Release|Any CPU
		{63A5CEAD-1133-4137-A4F8-4303B14CCC29}.Release|x86.ActiveCfg = Release|Any CPU
		{63A5CEAD-1133-4137-A4F8-4303B14CCC29}.Release|x86.Build.0 = Release|Any CPU
		{25B13C2D-1496-4D86-82AF-4B416EC0DEED}.Debug|Any CPU.ActiveCfg = Debug|Any CPU
		{25B13C2D-1496-4D86-82AF-4B416EC0DEED}.Debug|Any CPU.Build.0 = Debug|Any CPU
		{25B13C2D-1496-4D86-82AF-4B416EC0DEED}.Debug|x64.ActiveCfg = Debug|Any CPU
		{25B13C2D-1496-4D86-82AF-4B416EC0DEED}.Debug|x64.Build.0 = Debug|Any CPU
		{25B13C2D-1496-4D86-82AF-4B416EC0DEED}.Debug|x86.ActiveCfg = Debug|Any CPU
		{25B13C2D-1496-4D86-82AF-4B416EC0DEED}.Debug|x86.Build.0 = Debug|Any CPU
		{25B13C2D-1496-4D86-82AF-4B416EC0DEED}.Release|Any CPU.ActiveCfg = Release|Any CPU
		{25B13C2D-1496-4D86-82AF-4B416EC0DEED}.Release|Any CPU.Build.0 = Release|Any CPU
		{25B13C2D-1496-4D86-82AF-4B416EC0DEED}.Release|x64.ActiveCfg = Release|Any CPU
		{25B13C2D-1496-4D86-82AF-4B416EC0DEED}.Release|x64.Build.0 = Release|Any CPU
		{25B13C2D-1496-4D86-82AF-4B416EC0DEED}.Release|x86.ActiveCfg = Release|Any CPU
		{25B13C2D-1496-4D86-82AF-4B416EC0DEED}.Release|x86.Build.0 = Release|Any CPU
		{A4E7DD2B-B904-4AA4-B196-D134609FE46C}.Debug|Any CPU.ActiveCfg = Debug|Any CPU
		{A4E7DD2B-B904-4AA4-B196-D134609FE46C}.Debug|Any CPU.Build.0 = Debug|Any CPU
		{A4E7DD2B-B904-4AA4-B196-D134609FE46C}.Debug|x64.ActiveCfg = Debug|Any CPU
		{A4E7DD2B-B904-4AA4-B196-D134609FE46C}.Debug|x64.Build.0 = Debug|Any CPU
		{A4E7DD2B-B904-4AA4-B196-D134609FE46C}.Debug|x86.ActiveCfg = Debug|Any CPU
		{A4E7DD2B-B904-4AA4-B196-D134609FE46C}.Debug|x86.Build.0 = Debug|Any CPU
		{A4E7DD2B-B904-4AA4-B196-D134609FE46C}.Release|Any CPU.ActiveCfg = Release|Any CPU
		{A4E7DD2B-B904-4AA4-B196-D134609FE46C}.Release|Any CPU.Build.0 = Release|Any CPU
		{A4E7DD2B-B904-4AA4-B196-D134609FE46C}.Release|x64.ActiveCfg = Release|Any CPU
		{A4E7DD2B-B904-4AA4-B196-D134609FE46C}.Release|x64.Build.0 = Release|Any CPU
		{A4E7DD2B-B904-4AA4-B196-D134609FE46C}.Release|x86.ActiveCfg = Release|Any CPU
		{A4E7DD2B-B904-4AA4-B196-D134609FE46C}.Release|x86.Build.0 = Release|Any CPU
		{84D65A12-0560-4583-9B26-715294362703}.Debug|Any CPU.ActiveCfg = Debug|Any CPU
		{84D65A12-0560-4583-9B26-715294362703}.Debug|Any CPU.Build.0 = Debug|Any CPU
		{84D65A12-0560-4583-9B26-715294362703}.Debug|x64.ActiveCfg = Debug|Any CPU
		{84D65A12-0560-4583-9B26-715294362703}.Debug|x64.Build.0 = Debug|Any CPU
		{84D65A12-0560-4583-9B26-715294362703}.Debug|x86.ActiveCfg = Debug|Any CPU
		{84D65A12-0560-4583-9B26-715294362703}.Debug|x86.Build.0 = Debug|Any CPU
		{84D65A12-0560-4583-9B26-715294362703}.Release|Any CPU.ActiveCfg = Release|Any CPU
		{84D65A12-0560-4583-9B26-715294362703}.Release|Any CPU.Build.0 = Release|Any CPU
		{84D65A12-0560-4583-9B26-715294362703}.Release|x64.ActiveCfg = Release|Any CPU
		{84D65A12-0560-4583-9B26-715294362703}.Release|x64.Build.0 = Release|Any CPU
		{84D65A12-0560-4583-9B26-715294362703}.Release|x86.ActiveCfg = Release|Any CPU
		{84D65A12-0560-4583-9B26-715294362703}.Release|x86.Build.0 = Release|Any CPU
		{2F2298F5-5C4A-4071-9FC0-3D642C545EB0}.Debug|Any CPU.ActiveCfg = Debug|Any CPU
		{2F2298F5-5C4A-4071-9FC0-3D642C545EB0}.Debug|Any CPU.Build.0 = Debug|Any CPU
		{2F2298F5-5C4A-4071-9FC0-3D642C545EB0}.Debug|x64.ActiveCfg = Debug|Any CPU
		{2F2298F5-5C4A-4071-9FC0-3D642C545EB0}.Debug|x64.Build.0 = Debug|Any CPU
		{2F2298F5-5C4A-4071-9FC0-3D642C545EB0}.Debug|x86.ActiveCfg = Debug|Any CPU
		{2F2298F5-5C4A-4071-9FC0-3D642C545EB0}.Debug|x86.Build.0 = Debug|Any CPU
		{2F2298F5-5C4A-4071-9FC0-3D642C545EB0}.Release|Any CPU.ActiveCfg = Release|Any CPU
		{2F2298F5-5C4A-4071-9FC0-3D642C545EB0}.Release|Any CPU.Build.0 = Release|Any CPU
		{2F2298F5-5C4A-4071-9FC0-3D642C545EB0}.Release|x64.ActiveCfg = Release|Any CPU
		{2F2298F5-5C4A-4071-9FC0-3D642C545EB0}.Release|x64.Build.0 = Release|Any CPU
		{2F2298F5-5C4A-4071-9FC0-3D642C545EB0}.Release|x86.ActiveCfg = Release|Any CPU
		{2F2298F5-5C4A-4071-9FC0-3D642C545EB0}.Release|x86.Build.0 = Release|Any CPU
		{690240BD-4077-4DB1-929B-8A5B8A58A22F}.Debug|Any CPU.ActiveCfg = Debug|Any CPU
		{690240BD-4077-4DB1-929B-8A5B8A58A22F}.Debug|Any CPU.Build.0 = Debug|Any CPU
		{690240BD-4077-4DB1-929B-8A5B8A58A22F}.Debug|x64.ActiveCfg = Debug|Any CPU
		{690240BD-4077-4DB1-929B-8A5B8A58A22F}.Debug|x64.Build.0 = Debug|Any CPU
		{690240BD-4077-4DB1-929B-8A5B8A58A22F}.Debug|x86.ActiveCfg = Debug|Any CPU
		{690240BD-4077-4DB1-929B-8A5B8A58A22F}.Debug|x86.Build.0 = Debug|Any CPU
		{690240BD-4077-4DB1-929B-8A5B8A58A22F}.Release|Any CPU.ActiveCfg = Release|Any CPU
		{690240BD-4077-4DB1-929B-8A5B8A58A22F}.Release|Any CPU.Build.0 = Release|Any CPU
		{690240BD-4077-4DB1-929B-8A5B8A58A22F}.Release|x64.ActiveCfg = Release|Any CPU
		{690240BD-4077-4DB1-929B-8A5B8A58A22F}.Release|x64.Build.0 = Release|Any CPU
		{690240BD-4077-4DB1-929B-8A5B8A58A22F}.Release|x86.ActiveCfg = Release|Any CPU
		{690240BD-4077-4DB1-929B-8A5B8A58A22F}.Release|x86.Build.0 = Release|Any CPU
		{E66C60B9-BF26-4A3C-ADED-75C35791AEC6}.Debug|Any CPU.ActiveCfg = Debug|Any CPU
		{E66C60B9-BF26-4A3C-ADED-75C35791AEC6}.Debug|Any CPU.Build.0 = Debug|Any CPU
		{E66C60B9-BF26-4A3C-ADED-75C35791AEC6}.Debug|x64.ActiveCfg = Debug|Any CPU
		{E66C60B9-BF26-4A3C-ADED-75C35791AEC6}.Debug|x64.Build.0 = Debug|Any CPU
		{E66C60B9-BF26-4A3C-ADED-75C35791AEC6}.Debug|x86.ActiveCfg = Debug|Any CPU
		{E66C60B9-BF26-4A3C-ADED-75C35791AEC6}.Debug|x86.Build.0 = Debug|Any CPU
		{E66C60B9-BF26-4A3C-ADED-75C35791AEC6}.Release|Any CPU.ActiveCfg = Release|Any CPU
		{E66C60B9-BF26-4A3C-ADED-75C35791AEC6}.Release|Any CPU.Build.0 = Release|Any CPU
		{E66C60B9-BF26-4A3C-ADED-75C35791AEC6}.Release|x64.ActiveCfg = Release|Any CPU
		{E66C60B9-BF26-4A3C-ADED-75C35791AEC6}.Release|x64.Build.0 = Release|Any CPU
		{E66C60B9-BF26-4A3C-ADED-75C35791AEC6}.Release|x86.ActiveCfg = Release|Any CPU
		{E66C60B9-BF26-4A3C-ADED-75C35791AEC6}.Release|x86.Build.0 = Release|Any CPU
		{BCA061CF-6D5A-432E-B341-691E92DBE828}.Debug|Any CPU.ActiveCfg = Debug|Any CPU
		{BCA061CF-6D5A-432E-B341-691E92DBE828}.Debug|Any CPU.Build.0 = Debug|Any CPU
		{BCA061CF-6D5A-432E-B341-691E92DBE828}.Debug|x64.ActiveCfg = Debug|Any CPU
		{BCA061CF-6D5A-432E-B341-691E92DBE828}.Debug|x64.Build.0 = Debug|Any CPU
		{BCA061CF-6D5A-432E-B341-691E92DBE828}.Debug|x86.ActiveCfg = Debug|Any CPU
		{BCA061CF-6D5A-432E-B341-691E92DBE828}.Debug|x86.Build.0 = Debug|Any CPU
		{BCA061CF-6D5A-432E-B341-691E92DBE828}.Release|Any CPU.ActiveCfg = Release|Any CPU
		{BCA061CF-6D5A-432E-B341-691E92DBE828}.Release|Any CPU.Build.0 = Release|Any CPU
		{BCA061CF-6D5A-432E-B341-691E92DBE828}.Release|x64.ActiveCfg = Release|Any CPU
		{BCA061CF-6D5A-432E-B341-691E92DBE828}.Release|x64.Build.0 = Release|Any CPU
		{BCA061CF-6D5A-432E-B341-691E92DBE828}.Release|x86.ActiveCfg = Release|Any CPU
		{BCA061CF-6D5A-432E-B341-691E92DBE828}.Release|x86.Build.0 = Release|Any CPU
		{DCC07720-D865-4BD9-BB84-DC62945328D1}.Debug|Any CPU.ActiveCfg = Debug|Any CPU
		{DCC07720-D865-4BD9-BB84-DC62945328D1}.Debug|Any CPU.Build.0 = Debug|Any CPU
		{DCC07720-D865-4BD9-BB84-DC62945328D1}.Debug|x64.ActiveCfg = Debug|Any CPU
		{DCC07720-D865-4BD9-BB84-DC62945328D1}.Debug|x64.Build.0 = Debug|Any CPU
		{DCC07720-D865-4BD9-BB84-DC62945328D1}.Debug|x86.ActiveCfg = Debug|Any CPU
		{DCC07720-D865-4BD9-BB84-DC62945328D1}.Debug|x86.Build.0 = Debug|Any CPU
		{DCC07720-D865-4BD9-BB84-DC62945328D1}.Release|Any CPU.ActiveCfg = Release|Any CPU
		{DCC07720-D865-4BD9-BB84-DC62945328D1}.Release|Any CPU.Build.0 = Release|Any CPU
		{DCC07720-D865-4BD9-BB84-DC62945328D1}.Release|x64.ActiveCfg = Release|Any CPU
		{DCC07720-D865-4BD9-BB84-DC62945328D1}.Release|x64.Build.0 = Release|Any CPU
		{DCC07720-D865-4BD9-BB84-DC62945328D1}.Release|x86.ActiveCfg = Release|Any CPU
		{DCC07720-D865-4BD9-BB84-DC62945328D1}.Release|x86.Build.0 = Release|Any CPU
		{6773C282-E79C-427A-B132-D74AA34204FD}.Debug|Any CPU.ActiveCfg = Debug|Any CPU
		{6773C282-E79C-427A-B132-D74AA34204FD}.Debug|Any CPU.Build.0 = Debug|Any CPU
		{6773C282-E79C-427A-B132-D74AA34204FD}.Debug|x64.ActiveCfg = Debug|Any CPU
		{6773C282-E79C-427A-B132-D74AA34204FD}.Debug|x64.Build.0 = Debug|Any CPU
		{6773C282-E79C-427A-B132-D74AA34204FD}.Debug|x86.ActiveCfg = Debug|Any CPU
		{6773C282-E79C-427A-B132-D74AA34204FD}.Debug|x86.Build.0 = Debug|Any CPU
		{6773C282-E79C-427A-B132-D74AA34204FD}.Release|Any CPU.ActiveCfg = Release|Any CPU
		{6773C282-E79C-427A-B132-D74AA34204FD}.Release|Any CPU.Build.0 = Release|Any CPU
		{6773C282-E79C-427A-B132-D74AA34204FD}.Release|x64.ActiveCfg = Release|Any CPU
		{6773C282-E79C-427A-B132-D74AA34204FD}.Release|x64.Build.0 = Release|Any CPU
		{6773C282-E79C-427A-B132-D74AA34204FD}.Release|x86.ActiveCfg = Release|Any CPU
		{6773C282-E79C-427A-B132-D74AA34204FD}.Release|x86.Build.0 = Release|Any CPU
		{1DA8AD2E-D8C3-47BA-BBB2-F7AEBA885810}.Debug|Any CPU.ActiveCfg = Debug|Any CPU
		{1DA8AD2E-D8C3-47BA-BBB2-F7AEBA885810}.Debug|Any CPU.Build.0 = Debug|Any CPU
		{1DA8AD2E-D8C3-47BA-BBB2-F7AEBA885810}.Debug|x64.ActiveCfg = Debug|Any CPU
		{1DA8AD2E-D8C3-47BA-BBB2-F7AEBA885810}.Debug|x64.Build.0 = Debug|Any CPU
		{1DA8AD2E-D8C3-47BA-BBB2-F7AEBA885810}.Debug|x86.ActiveCfg = Debug|Any CPU
		{1DA8AD2E-D8C3-47BA-BBB2-F7AEBA885810}.Debug|x86.Build.0 = Debug|Any CPU
		{1DA8AD2E-D8C3-47BA-BBB2-F7AEBA885810}.Release|Any CPU.ActiveCfg = Release|Any CPU
		{1DA8AD2E-D8C3-47BA-BBB2-F7AEBA885810}.Release|Any CPU.Build.0 = Release|Any CPU
		{1DA8AD2E-D8C3-47BA-BBB2-F7AEBA885810}.Release|x64.ActiveCfg = Release|Any CPU
		{1DA8AD2E-D8C3-47BA-BBB2-F7AEBA885810}.Release|x64.Build.0 = Release|Any CPU
		{1DA8AD2E-D8C3-47BA-BBB2-F7AEBA885810}.Release|x86.ActiveCfg = Release|Any CPU
		{1DA8AD2E-D8C3-47BA-BBB2-F7AEBA885810}.Release|x86.Build.0 = Release|Any CPU
		{35CD94B1-9953-427A-9BD3-CCB8663666D3}.Debug|Any CPU.ActiveCfg = Debug|Any CPU
		{35CD94B1-9953-427A-9BD3-CCB8663666D3}.Debug|Any CPU.Build.0 = Debug|Any CPU
		{35CD94B1-9953-427A-9BD3-CCB8663666D3}.Debug|x64.ActiveCfg = Debug|Any CPU
		{35CD94B1-9953-427A-9BD3-CCB8663666D3}.Debug|x64.Build.0 = Debug|Any CPU
		{35CD94B1-9953-427A-9BD3-CCB8663666D3}.Debug|x86.ActiveCfg = Debug|Any CPU
		{35CD94B1-9953-427A-9BD3-CCB8663666D3}.Debug|x86.Build.0 = Debug|Any CPU
		{35CD94B1-9953-427A-9BD3-CCB8663666D3}.Release|Any CPU.ActiveCfg = Release|Any CPU
		{35CD94B1-9953-427A-9BD3-CCB8663666D3}.Release|Any CPU.Build.0 = Release|Any CPU
		{35CD94B1-9953-427A-9BD3-CCB8663666D3}.Release|x64.ActiveCfg = Release|Any CPU
		{35CD94B1-9953-427A-9BD3-CCB8663666D3}.Release|x64.Build.0 = Release|Any CPU
		{35CD94B1-9953-427A-9BD3-CCB8663666D3}.Release|x86.ActiveCfg = Release|Any CPU
		{35CD94B1-9953-427A-9BD3-CCB8663666D3}.Release|x86.Build.0 = Release|Any CPU
		{8482BE51-3901-4962-8301-6FB3EA5C992A}.Debug|Any CPU.ActiveCfg = Debug|Any CPU
		{8482BE51-3901-4962-8301-6FB3EA5C992A}.Debug|Any CPU.Build.0 = Debug|Any CPU
		{8482BE51-3901-4962-8301-6FB3EA5C992A}.Debug|x64.ActiveCfg = Debug|Any CPU
		{8482BE51-3901-4962-8301-6FB3EA5C992A}.Debug|x64.Build.0 = Debug|Any CPU
		{8482BE51-3901-4962-8301-6FB3EA5C992A}.Debug|x86.ActiveCfg = Debug|Any CPU
		{8482BE51-3901-4962-8301-6FB3EA5C992A}.Debug|x86.Build.0 = Debug|Any CPU
		{8482BE51-3901-4962-8301-6FB3EA5C992A}.Release|Any CPU.ActiveCfg = Release|Any CPU
		{8482BE51-3901-4962-8301-6FB3EA5C992A}.Release|Any CPU.Build.0 = Release|Any CPU
		{8482BE51-3901-4962-8301-6FB3EA5C992A}.Release|x64.ActiveCfg = Release|Any CPU
		{8482BE51-3901-4962-8301-6FB3EA5C992A}.Release|x64.Build.0 = Release|Any CPU
		{8482BE51-3901-4962-8301-6FB3EA5C992A}.Release|x86.ActiveCfg = Release|Any CPU
		{8482BE51-3901-4962-8301-6FB3EA5C992A}.Release|x86.Build.0 = Release|Any CPU
		{6E8ADB59-D9F3-4E51-B584-9214AB21BFE3}.Debug|Any CPU.ActiveCfg = Debug|Any CPU
		{6E8ADB59-D9F3-4E51-B584-9214AB21BFE3}.Debug|Any CPU.Build.0 = Debug|Any CPU
		{6E8ADB59-D9F3-4E51-B584-9214AB21BFE3}.Debug|x64.ActiveCfg = Debug|Any CPU
		{6E8ADB59-D9F3-4E51-B584-9214AB21BFE3}.Debug|x64.Build.0 = Debug|Any CPU
		{6E8ADB59-D9F3-4E51-B584-9214AB21BFE3}.Debug|x86.ActiveCfg = Debug|Any CPU
		{6E8ADB59-D9F3-4E51-B584-9214AB21BFE3}.Debug|x86.Build.0 = Debug|Any CPU
		{6E8ADB59-D9F3-4E51-B584-9214AB21BFE3}.Release|Any CPU.ActiveCfg = Release|Any CPU
		{6E8ADB59-D9F3-4E51-B584-9214AB21BFE3}.Release|Any CPU.Build.0 = Release|Any CPU
		{6E8ADB59-D9F3-4E51-B584-9214AB21BFE3}.Release|x64.ActiveCfg = Release|Any CPU
		{6E8ADB59-D9F3-4E51-B584-9214AB21BFE3}.Release|x64.Build.0 = Release|Any CPU
		{6E8ADB59-D9F3-4E51-B584-9214AB21BFE3}.Release|x86.ActiveCfg = Release|Any CPU
		{6E8ADB59-D9F3-4E51-B584-9214AB21BFE3}.Release|x86.Build.0 = Release|Any CPU
		{13A02B45-9A35-47E3-B2A2-AC37582508B5}.Debug|Any CPU.ActiveCfg = Debug|Any CPU
		{13A02B45-9A35-47E3-B2A2-AC37582508B5}.Debug|Any CPU.Build.0 = Debug|Any CPU
		{13A02B45-9A35-47E3-B2A2-AC37582508B5}.Debug|x64.ActiveCfg = Debug|Any CPU
		{13A02B45-9A35-47E3-B2A2-AC37582508B5}.Debug|x64.Build.0 = Debug|Any CPU
		{13A02B45-9A35-47E3-B2A2-AC37582508B5}.Debug|x86.ActiveCfg = Debug|Any CPU
		{13A02B45-9A35-47E3-B2A2-AC37582508B5}.Debug|x86.Build.0 = Debug|Any CPU
		{13A02B45-9A35-47E3-B2A2-AC37582508B5}.Release|Any CPU.ActiveCfg = Release|Any CPU
		{13A02B45-9A35-47E3-B2A2-AC37582508B5}.Release|Any CPU.Build.0 = Release|Any CPU
		{13A02B45-9A35-47E3-B2A2-AC37582508B5}.Release|x64.ActiveCfg = Release|Any CPU
		{13A02B45-9A35-47E3-B2A2-AC37582508B5}.Release|x64.Build.0 = Release|Any CPU
		{13A02B45-9A35-47E3-B2A2-AC37582508B5}.Release|x86.ActiveCfg = Release|Any CPU
		{13A02B45-9A35-47E3-B2A2-AC37582508B5}.Release|x86.Build.0 = Release|Any CPU
		{D771CD15-F363-46CA-82E6-AF806C4B7BB0}.Debug|Any CPU.ActiveCfg = Debug|Any CPU
		{D771CD15-F363-46CA-82E6-AF806C4B7BB0}.Debug|Any CPU.Build.0 = Debug|Any CPU
		{D771CD15-F363-46CA-82E6-AF806C4B7BB0}.Debug|x64.ActiveCfg = Debug|Any CPU
		{D771CD15-F363-46CA-82E6-AF806C4B7BB0}.Debug|x64.Build.0 = Debug|Any CPU
		{D771CD15-F363-46CA-82E6-AF806C4B7BB0}.Debug|x86.ActiveCfg = Debug|Any CPU
		{D771CD15-F363-46CA-82E6-AF806C4B7BB0}.Debug|x86.Build.0 = Debug|Any CPU
		{D771CD15-F363-46CA-82E6-AF806C4B7BB0}.Release|Any CPU.ActiveCfg = Release|Any CPU
		{D771CD15-F363-46CA-82E6-AF806C4B7BB0}.Release|Any CPU.Build.0 = Release|Any CPU
		{D771CD15-F363-46CA-82E6-AF806C4B7BB0}.Release|x64.ActiveCfg = Release|Any CPU
		{D771CD15-F363-46CA-82E6-AF806C4B7BB0}.Release|x64.Build.0 = Release|Any CPU
		{D771CD15-F363-46CA-82E6-AF806C4B7BB0}.Release|x86.ActiveCfg = Release|Any CPU
		{D771CD15-F363-46CA-82E6-AF806C4B7BB0}.Release|x86.Build.0 = Release|Any CPU
		{6AD1ED07-7D5A-41F6-B782-483B8F806789}.Debug|Any CPU.ActiveCfg = Debug|Any CPU
		{6AD1ED07-7D5A-41F6-B782-483B8F806789}.Debug|Any CPU.Build.0 = Debug|Any CPU
		{6AD1ED07-7D5A-41F6-B782-483B8F806789}.Debug|x64.ActiveCfg = Debug|Any CPU
		{6AD1ED07-7D5A-41F6-B782-483B8F806789}.Debug|x64.Build.0 = Debug|Any CPU
		{6AD1ED07-7D5A-41F6-B782-483B8F806789}.Debug|x86.ActiveCfg = Debug|Any CPU
		{6AD1ED07-7D5A-41F6-B782-483B8F806789}.Debug|x86.Build.0 = Debug|Any CPU
		{6AD1ED07-7D5A-41F6-B782-483B8F806789}.Release|Any CPU.ActiveCfg = Release|Any CPU
		{6AD1ED07-7D5A-41F6-B782-483B8F806789}.Release|Any CPU.Build.0 = Release|Any CPU
		{6AD1ED07-7D5A-41F6-B782-483B8F806789}.Release|x64.ActiveCfg = Release|Any CPU
		{6AD1ED07-7D5A-41F6-B782-483B8F806789}.Release|x64.Build.0 = Release|Any CPU
		{6AD1ED07-7D5A-41F6-B782-483B8F806789}.Release|x86.ActiveCfg = Release|Any CPU
		{6AD1ED07-7D5A-41F6-B782-483B8F806789}.Release|x86.Build.0 = Release|Any CPU
		{4C863939-04CE-4914-9B03-0F594BA415E1}.Debug|Any CPU.ActiveCfg = Debug|Any CPU
		{4C863939-04CE-4914-9B03-0F594BA415E1}.Debug|Any CPU.Build.0 = Debug|Any CPU
		{4C863939-04CE-4914-9B03-0F594BA415E1}.Debug|x64.ActiveCfg = Debug|Any CPU
		{4C863939-04CE-4914-9B03-0F594BA415E1}.Debug|x64.Build.0 = Debug|Any CPU
		{4C863939-04CE-4914-9B03-0F594BA415E1}.Debug|x86.ActiveCfg = Debug|Any CPU
		{4C863939-04CE-4914-9B03-0F594BA415E1}.Debug|x86.Build.0 = Debug|Any CPU
		{4C863939-04CE-4914-9B03-0F594BA415E1}.Release|Any CPU.ActiveCfg = Release|Any CPU
		{4C863939-04CE-4914-9B03-0F594BA415E1}.Release|Any CPU.Build.0 = Release|Any CPU
		{4C863939-04CE-4914-9B03-0F594BA415E1}.Release|x64.ActiveCfg = Release|Any CPU
		{4C863939-04CE-4914-9B03-0F594BA415E1}.Release|x64.Build.0 = Release|Any CPU
		{4C863939-04CE-4914-9B03-0F594BA415E1}.Release|x86.ActiveCfg = Release|Any CPU
		{4C863939-04CE-4914-9B03-0F594BA415E1}.Release|x86.Build.0 = Release|Any CPU
		{2029975D-E689-4C7F-BFAA-2B9EDF7364A8}.Debug|Any CPU.ActiveCfg = Debug|Any CPU
		{2029975D-E689-4C7F-BFAA-2B9EDF7364A8}.Debug|Any CPU.Build.0 = Debug|Any CPU
		{2029975D-E689-4C7F-BFAA-2B9EDF7364A8}.Debug|x64.ActiveCfg = Debug|Any CPU
		{2029975D-E689-4C7F-BFAA-2B9EDF7364A8}.Debug|x64.Build.0 = Debug|Any CPU
		{2029975D-E689-4C7F-BFAA-2B9EDF7364A8}.Debug|x86.ActiveCfg = Debug|Any CPU
		{2029975D-E689-4C7F-BFAA-2B9EDF7364A8}.Debug|x86.Build.0 = Debug|Any CPU
		{2029975D-E689-4C7F-BFAA-2B9EDF7364A8}.Release|Any CPU.ActiveCfg = Release|Any CPU
		{2029975D-E689-4C7F-BFAA-2B9EDF7364A8}.Release|Any CPU.Build.0 = Release|Any CPU
		{2029975D-E689-4C7F-BFAA-2B9EDF7364A8}.Release|x64.ActiveCfg = Release|Any CPU
		{2029975D-E689-4C7F-BFAA-2B9EDF7364A8}.Release|x64.Build.0 = Release|Any CPU
		{2029975D-E689-4C7F-BFAA-2B9EDF7364A8}.Release|x86.ActiveCfg = Release|Any CPU
		{2029975D-E689-4C7F-BFAA-2B9EDF7364A8}.Release|x86.Build.0 = Release|Any CPU
		{48707863-E9C1-4332-B792-37F9A8AA7E27}.Debug|Any CPU.ActiveCfg = Debug|Any CPU
		{48707863-E9C1-4332-B792-37F9A8AA7E27}.Debug|Any CPU.Build.0 = Debug|Any CPU
		{48707863-E9C1-4332-B792-37F9A8AA7E27}.Debug|x64.ActiveCfg = Debug|Any CPU
		{48707863-E9C1-4332-B792-37F9A8AA7E27}.Debug|x64.Build.0 = Debug|Any CPU
		{48707863-E9C1-4332-B792-37F9A8AA7E27}.Debug|x86.ActiveCfg = Debug|Any CPU
		{48707863-E9C1-4332-B792-37F9A8AA7E27}.Debug|x86.Build.0 = Debug|Any CPU
		{48707863-E9C1-4332-B792-37F9A8AA7E27}.Release|Any CPU.ActiveCfg = Release|Any CPU
		{48707863-E9C1-4332-B792-37F9A8AA7E27}.Release|Any CPU.Build.0 = Release|Any CPU
		{48707863-E9C1-4332-B792-37F9A8AA7E27}.Release|x64.ActiveCfg = Release|Any CPU
		{48707863-E9C1-4332-B792-37F9A8AA7E27}.Release|x64.Build.0 = Release|Any CPU
		{48707863-E9C1-4332-B792-37F9A8AA7E27}.Release|x86.ActiveCfg = Release|Any CPU
		{48707863-E9C1-4332-B792-37F9A8AA7E27}.Release|x86.Build.0 = Release|Any CPU
		{4F309DFE-5A2E-4CC5-B76E-44F83CD48356}.Debug|Any CPU.ActiveCfg = Debug|Any CPU
		{4F309DFE-5A2E-4CC5-B76E-44F83CD48356}.Debug|Any CPU.Build.0 = Debug|Any CPU
		{4F309DFE-5A2E-4CC5-B76E-44F83CD48356}.Debug|x64.ActiveCfg = Debug|Any CPU
		{4F309DFE-5A2E-4CC5-B76E-44F83CD48356}.Debug|x64.Build.0 = Debug|Any CPU
		{4F309DFE-5A2E-4CC5-B76E-44F83CD48356}.Debug|x86.ActiveCfg = Debug|Any CPU
		{4F309DFE-5A2E-4CC5-B76E-44F83CD48356}.Debug|x86.Build.0 = Debug|Any CPU
		{4F309DFE-5A2E-4CC5-B76E-44F83CD48356}.Release|Any CPU.ActiveCfg = Release|Any CPU
		{4F309DFE-5A2E-4CC5-B76E-44F83CD48356}.Release|Any CPU.Build.0 = Release|Any CPU
		{4F309DFE-5A2E-4CC5-B76E-44F83CD48356}.Release|x64.ActiveCfg = Release|Any CPU
		{4F309DFE-5A2E-4CC5-B76E-44F83CD48356}.Release|x64.Build.0 = Release|Any CPU
		{4F309DFE-5A2E-4CC5-B76E-44F83CD48356}.Release|x86.ActiveCfg = Release|Any CPU
		{4F309DFE-5A2E-4CC5-B76E-44F83CD48356}.Release|x86.Build.0 = Release|Any CPU
		{CB2DDD76-6835-4369-AB44-C3C0BF43E72C}.Debug|Any CPU.ActiveCfg = Debug|Any CPU
		{CB2DDD76-6835-4369-AB44-C3C0BF43E72C}.Debug|Any CPU.Build.0 = Debug|Any CPU
		{CB2DDD76-6835-4369-AB44-C3C0BF43E72C}.Debug|x64.ActiveCfg = Debug|Any CPU
		{CB2DDD76-6835-4369-AB44-C3C0BF43E72C}.Debug|x64.Build.0 = Debug|Any CPU
		{CB2DDD76-6835-4369-AB44-C3C0BF43E72C}.Debug|x86.ActiveCfg = Debug|Any CPU
		{CB2DDD76-6835-4369-AB44-C3C0BF43E72C}.Debug|x86.Build.0 = Debug|Any CPU
		{CB2DDD76-6835-4369-AB44-C3C0BF43E72C}.Release|Any CPU.ActiveCfg = Release|Any CPU
		{CB2DDD76-6835-4369-AB44-C3C0BF43E72C}.Release|Any CPU.Build.0 = Release|Any CPU
		{CB2DDD76-6835-4369-AB44-C3C0BF43E72C}.Release|x64.ActiveCfg = Release|Any CPU
		{CB2DDD76-6835-4369-AB44-C3C0BF43E72C}.Release|x64.Build.0 = Release|Any CPU
		{CB2DDD76-6835-4369-AB44-C3C0BF43E72C}.Release|x86.ActiveCfg = Release|Any CPU
		{CB2DDD76-6835-4369-AB44-C3C0BF43E72C}.Release|x86.Build.0 = Release|Any CPU
		{D517C249-517E-4223-AA4C-141AF140D797}.Debug|Any CPU.ActiveCfg = Debug|Any CPU
		{D517C249-517E-4223-AA4C-141AF140D797}.Debug|Any CPU.Build.0 = Debug|Any CPU
		{D517C249-517E-4223-AA4C-141AF140D797}.Debug|x64.ActiveCfg = Debug|Any CPU
		{D517C249-517E-4223-AA4C-141AF140D797}.Debug|x64.Build.0 = Debug|Any CPU
		{D517C249-517E-4223-AA4C-141AF140D797}.Debug|x86.ActiveCfg = Debug|Any CPU
		{D517C249-517E-4223-AA4C-141AF140D797}.Debug|x86.Build.0 = Debug|Any CPU
		{D517C249-517E-4223-AA4C-141AF140D797}.Release|Any CPU.ActiveCfg = Release|Any CPU
		{D517C249-517E-4223-AA4C-141AF140D797}.Release|Any CPU.Build.0 = Release|Any CPU
		{D517C249-517E-4223-AA4C-141AF140D797}.Release|x64.ActiveCfg = Release|Any CPU
		{D517C249-517E-4223-AA4C-141AF140D797}.Release|x64.Build.0 = Release|Any CPU
		{D517C249-517E-4223-AA4C-141AF140D797}.Release|x86.ActiveCfg = Release|Any CPU
		{D517C249-517E-4223-AA4C-141AF140D797}.Release|x86.Build.0 = Release|Any CPU
		{732922D0-9204-4BFD-B002-C9ABAB113D8E}.Debug|Any CPU.ActiveCfg = Debug|Any CPU
		{732922D0-9204-4BFD-B002-C9ABAB113D8E}.Debug|Any CPU.Build.0 = Debug|Any CPU
		{732922D0-9204-4BFD-B002-C9ABAB113D8E}.Debug|x64.ActiveCfg = Debug|Any CPU
		{732922D0-9204-4BFD-B002-C9ABAB113D8E}.Debug|x64.Build.0 = Debug|Any CPU
		{732922D0-9204-4BFD-B002-C9ABAB113D8E}.Debug|x86.ActiveCfg = Debug|Any CPU
		{732922D0-9204-4BFD-B002-C9ABAB113D8E}.Debug|x86.Build.0 = Debug|Any CPU
		{732922D0-9204-4BFD-B002-C9ABAB113D8E}.Release|Any CPU.ActiveCfg = Release|Any CPU
		{732922D0-9204-4BFD-B002-C9ABAB113D8E}.Release|Any CPU.Build.0 = Release|Any CPU
		{732922D0-9204-4BFD-B002-C9ABAB113D8E}.Release|x64.ActiveCfg = Release|Any CPU
		{732922D0-9204-4BFD-B002-C9ABAB113D8E}.Release|x64.Build.0 = Release|Any CPU
		{732922D0-9204-4BFD-B002-C9ABAB113D8E}.Release|x86.ActiveCfg = Release|Any CPU
		{732922D0-9204-4BFD-B002-C9ABAB113D8E}.Release|x86.Build.0 = Release|Any CPU
		{0D686A11-628E-4E30-979E-4E7D54A0BFE1}.Debug|Any CPU.ActiveCfg = Debug|Any CPU
		{0D686A11-628E-4E30-979E-4E7D54A0BFE1}.Debug|Any CPU.Build.0 = Debug|Any CPU
		{0D686A11-628E-4E30-979E-4E7D54A0BFE1}.Debug|x64.ActiveCfg = Debug|Any CPU
		{0D686A11-628E-4E30-979E-4E7D54A0BFE1}.Debug|x64.Build.0 = Debug|Any CPU
		{0D686A11-628E-4E30-979E-4E7D54A0BFE1}.Debug|x86.ActiveCfg = Debug|Any CPU
		{0D686A11-628E-4E30-979E-4E7D54A0BFE1}.Debug|x86.Build.0 = Debug|Any CPU
		{0D686A11-628E-4E30-979E-4E7D54A0BFE1}.Release|Any CPU.ActiveCfg = Release|Any CPU
		{0D686A11-628E-4E30-979E-4E7D54A0BFE1}.Release|Any CPU.Build.0 = Release|Any CPU
		{0D686A11-628E-4E30-979E-4E7D54A0BFE1}.Release|x64.ActiveCfg = Release|Any CPU
		{0D686A11-628E-4E30-979E-4E7D54A0BFE1}.Release|x64.Build.0 = Release|Any CPU
		{0D686A11-628E-4E30-979E-4E7D54A0BFE1}.Release|x86.ActiveCfg = Release|Any CPU
		{0D686A11-628E-4E30-979E-4E7D54A0BFE1}.Release|x86.Build.0 = Release|Any CPU
		{626FD84C-B9C9-4EF9-8A9A-1993B11BE9EE}.Debug|Any CPU.ActiveCfg = Debug|Any CPU
		{626FD84C-B9C9-4EF9-8A9A-1993B11BE9EE}.Debug|Any CPU.Build.0 = Debug|Any CPU
		{626FD84C-B9C9-4EF9-8A9A-1993B11BE9EE}.Debug|x64.ActiveCfg = Debug|Any CPU
		{626FD84C-B9C9-4EF9-8A9A-1993B11BE9EE}.Debug|x64.Build.0 = Debug|Any CPU
		{626FD84C-B9C9-4EF9-8A9A-1993B11BE9EE}.Debug|x86.ActiveCfg = Debug|Any CPU
		{626FD84C-B9C9-4EF9-8A9A-1993B11BE9EE}.Debug|x86.Build.0 = Debug|Any CPU
		{626FD84C-B9C9-4EF9-8A9A-1993B11BE9EE}.Release|Any CPU.ActiveCfg = Release|Any CPU
		{626FD84C-B9C9-4EF9-8A9A-1993B11BE9EE}.Release|Any CPU.Build.0 = Release|Any CPU
		{626FD84C-B9C9-4EF9-8A9A-1993B11BE9EE}.Release|x64.ActiveCfg = Release|Any CPU
		{626FD84C-B9C9-4EF9-8A9A-1993B11BE9EE}.Release|x64.Build.0 = Release|Any CPU
		{626FD84C-B9C9-4EF9-8A9A-1993B11BE9EE}.Release|x86.ActiveCfg = Release|Any CPU
		{626FD84C-B9C9-4EF9-8A9A-1993B11BE9EE}.Release|x86.Build.0 = Release|Any CPU
		{AB2A164A-BEC9-49C7-B4E0-C350C59F238C}.Debug|Any CPU.ActiveCfg = Debug|Any CPU
		{AB2A164A-BEC9-49C7-B4E0-C350C59F238C}.Debug|Any CPU.Build.0 = Debug|Any CPU
		{AB2A164A-BEC9-49C7-B4E0-C350C59F238C}.Debug|x64.ActiveCfg = Debug|Any CPU
		{AB2A164A-BEC9-49C7-B4E0-C350C59F238C}.Debug|x64.Build.0 = Debug|Any CPU
		{AB2A164A-BEC9-49C7-B4E0-C350C59F238C}.Debug|x86.ActiveCfg = Debug|Any CPU
		{AB2A164A-BEC9-49C7-B4E0-C350C59F238C}.Debug|x86.Build.0 = Debug|Any CPU
		{AB2A164A-BEC9-49C7-B4E0-C350C59F238C}.Release|Any CPU.ActiveCfg = Release|Any CPU
		{AB2A164A-BEC9-49C7-B4E0-C350C59F238C}.Release|Any CPU.Build.0 = Release|Any CPU
		{AB2A164A-BEC9-49C7-B4E0-C350C59F238C}.Release|x64.ActiveCfg = Release|Any CPU
		{AB2A164A-BEC9-49C7-B4E0-C350C59F238C}.Release|x64.Build.0 = Release|Any CPU
		{AB2A164A-BEC9-49C7-B4E0-C350C59F238C}.Release|x86.ActiveCfg = Release|Any CPU
		{AB2A164A-BEC9-49C7-B4E0-C350C59F238C}.Release|x86.Build.0 = Release|Any CPU
		{D8E3AB5D-1E62-4460-9165-E17C9AF288CE}.Debug|Any CPU.ActiveCfg = Debug|Any CPU
		{D8E3AB5D-1E62-4460-9165-E17C9AF288CE}.Debug|Any CPU.Build.0 = Debug|Any CPU
		{D8E3AB5D-1E62-4460-9165-E17C9AF288CE}.Debug|x64.ActiveCfg = Debug|Any CPU
		{D8E3AB5D-1E62-4460-9165-E17C9AF288CE}.Debug|x64.Build.0 = Debug|Any CPU
		{D8E3AB5D-1E62-4460-9165-E17C9AF288CE}.Debug|x86.ActiveCfg = Debug|Any CPU
		{D8E3AB5D-1E62-4460-9165-E17C9AF288CE}.Debug|x86.Build.0 = Debug|Any CPU
		{D8E3AB5D-1E62-4460-9165-E17C9AF288CE}.Release|Any CPU.ActiveCfg = Release|Any CPU
		{D8E3AB5D-1E62-4460-9165-E17C9AF288CE}.Release|Any CPU.Build.0 = Release|Any CPU
		{D8E3AB5D-1E62-4460-9165-E17C9AF288CE}.Release|x64.ActiveCfg = Release|Any CPU
		{D8E3AB5D-1E62-4460-9165-E17C9AF288CE}.Release|x64.Build.0 = Release|Any CPU
		{D8E3AB5D-1E62-4460-9165-E17C9AF288CE}.Release|x86.ActiveCfg = Release|Any CPU
		{D8E3AB5D-1E62-4460-9165-E17C9AF288CE}.Release|x86.Build.0 = Release|Any CPU
		{847CC7CF-B243-4100-AF93-1AA2D81EC2C5}.Debug|Any CPU.ActiveCfg = Debug|Any CPU
		{847CC7CF-B243-4100-AF93-1AA2D81EC2C5}.Debug|Any CPU.Build.0 = Debug|Any CPU
		{847CC7CF-B243-4100-AF93-1AA2D81EC2C5}.Debug|x64.ActiveCfg = Debug|Any CPU
		{847CC7CF-B243-4100-AF93-1AA2D81EC2C5}.Debug|x64.Build.0 = Debug|Any CPU
		{847CC7CF-B243-4100-AF93-1AA2D81EC2C5}.Debug|x86.ActiveCfg = Debug|Any CPU
		{847CC7CF-B243-4100-AF93-1AA2D81EC2C5}.Debug|x86.Build.0 = Debug|Any CPU
		{847CC7CF-B243-4100-AF93-1AA2D81EC2C5}.Release|Any CPU.ActiveCfg = Release|Any CPU
		{847CC7CF-B243-4100-AF93-1AA2D81EC2C5}.Release|Any CPU.Build.0 = Release|Any CPU
		{847CC7CF-B243-4100-AF93-1AA2D81EC2C5}.Release|x64.ActiveCfg = Release|Any CPU
		{847CC7CF-B243-4100-AF93-1AA2D81EC2C5}.Release|x64.Build.0 = Release|Any CPU
		{847CC7CF-B243-4100-AF93-1AA2D81EC2C5}.Release|x86.ActiveCfg = Release|Any CPU
		{847CC7CF-B243-4100-AF93-1AA2D81EC2C5}.Release|x86.Build.0 = Release|Any CPU
		{5FC06DC4-7642-46E2-B0CE-3A9D7D4BEDA1}.Debug|Any CPU.ActiveCfg = Debug|Any CPU
		{5FC06DC4-7642-46E2-B0CE-3A9D7D4BEDA1}.Debug|Any CPU.Build.0 = Debug|Any CPU
		{5FC06DC4-7642-46E2-B0CE-3A9D7D4BEDA1}.Debug|x64.ActiveCfg = Debug|Any CPU
		{5FC06DC4-7642-46E2-B0CE-3A9D7D4BEDA1}.Debug|x64.Build.0 = Debug|Any CPU
		{5FC06DC4-7642-46E2-B0CE-3A9D7D4BEDA1}.Debug|x86.ActiveCfg = Debug|Any CPU
		{5FC06DC4-7642-46E2-B0CE-3A9D7D4BEDA1}.Debug|x86.Build.0 = Debug|Any CPU
		{5FC06DC4-7642-46E2-B0CE-3A9D7D4BEDA1}.Release|Any CPU.ActiveCfg = Release|Any CPU
		{5FC06DC4-7642-46E2-B0CE-3A9D7D4BEDA1}.Release|Any CPU.Build.0 = Release|Any CPU
		{5FC06DC4-7642-46E2-B0CE-3A9D7D4BEDA1}.Release|x64.ActiveCfg = Release|Any CPU
		{5FC06DC4-7642-46E2-B0CE-3A9D7D4BEDA1}.Release|x64.Build.0 = Release|Any CPU
		{5FC06DC4-7642-46E2-B0CE-3A9D7D4BEDA1}.Release|x86.ActiveCfg = Release|Any CPU
		{5FC06DC4-7642-46E2-B0CE-3A9D7D4BEDA1}.Release|x86.Build.0 = Release|Any CPU
		{73A50E39-953C-456E-A900-32C2D52C1616}.Debug|Any CPU.ActiveCfg = Debug|Any CPU
		{73A50E39-953C-456E-A900-32C2D52C1616}.Debug|Any CPU.Build.0 = Debug|Any CPU
		{73A50E39-953C-456E-A900-32C2D52C1616}.Debug|x64.ActiveCfg = Debug|Any CPU
		{73A50E39-953C-456E-A900-32C2D52C1616}.Debug|x64.Build.0 = Debug|Any CPU
		{73A50E39-953C-456E-A900-32C2D52C1616}.Debug|x86.ActiveCfg = Debug|Any CPU
		{73A50E39-953C-456E-A900-32C2D52C1616}.Debug|x86.Build.0 = Debug|Any CPU
		{73A50E39-953C-456E-A900-32C2D52C1616}.Release|Any CPU.ActiveCfg = Release|Any CPU
		{73A50E39-953C-456E-A900-32C2D52C1616}.Release|Any CPU.Build.0 = Release|Any CPU
		{73A50E39-953C-456E-A900-32C2D52C1616}.Release|x64.ActiveCfg = Release|Any CPU
		{73A50E39-953C-456E-A900-32C2D52C1616}.Release|x64.Build.0 = Release|Any CPU
		{73A50E39-953C-456E-A900-32C2D52C1616}.Release|x86.ActiveCfg = Release|Any CPU
		{73A50E39-953C-456E-A900-32C2D52C1616}.Release|x86.Build.0 = Release|Any CPU
		{DE809EA1-2EAB-4760-AC34-21957765E16F}.Debug|Any CPU.ActiveCfg = Debug|Any CPU
		{DE809EA1-2EAB-4760-AC34-21957765E16F}.Debug|Any CPU.Build.0 = Debug|Any CPU
		{DE809EA1-2EAB-4760-AC34-21957765E16F}.Debug|x64.ActiveCfg = Debug|Any CPU
		{DE809EA1-2EAB-4760-AC34-21957765E16F}.Debug|x64.Build.0 = Debug|Any CPU
		{DE809EA1-2EAB-4760-AC34-21957765E16F}.Debug|x86.ActiveCfg = Debug|Any CPU
		{DE809EA1-2EAB-4760-AC34-21957765E16F}.Debug|x86.Build.0 = Debug|Any CPU
		{DE809EA1-2EAB-4760-AC34-21957765E16F}.Release|Any CPU.ActiveCfg = Release|Any CPU
		{DE809EA1-2EAB-4760-AC34-21957765E16F}.Release|Any CPU.Build.0 = Release|Any CPU
		{DE809EA1-2EAB-4760-AC34-21957765E16F}.Release|x64.ActiveCfg = Release|Any CPU
		{DE809EA1-2EAB-4760-AC34-21957765E16F}.Release|x64.Build.0 = Release|Any CPU
		{DE809EA1-2EAB-4760-AC34-21957765E16F}.Release|x86.ActiveCfg = Release|Any CPU
		{DE809EA1-2EAB-4760-AC34-21957765E16F}.Release|x86.Build.0 = Release|Any CPU
		{563AD7FA-3EB6-435F-BCBF-E4A9E91F6D67}.Debug|Any CPU.ActiveCfg = Debug|Any CPU
		{563AD7FA-3EB6-435F-BCBF-E4A9E91F6D67}.Debug|Any CPU.Build.0 = Debug|Any CPU
		{563AD7FA-3EB6-435F-BCBF-E4A9E91F6D67}.Debug|x64.ActiveCfg = Debug|Any CPU
		{563AD7FA-3EB6-435F-BCBF-E4A9E91F6D67}.Debug|x64.Build.0 = Debug|Any CPU
		{563AD7FA-3EB6-435F-BCBF-E4A9E91F6D67}.Debug|x86.ActiveCfg = Debug|Any CPU
		{563AD7FA-3EB6-435F-BCBF-E4A9E91F6D67}.Debug|x86.Build.0 = Debug|Any CPU
		{563AD7FA-3EB6-435F-BCBF-E4A9E91F6D67}.Release|Any CPU.ActiveCfg = Release|Any CPU
		{563AD7FA-3EB6-435F-BCBF-E4A9E91F6D67}.Release|Any CPU.Build.0 = Release|Any CPU
		{563AD7FA-3EB6-435F-BCBF-E4A9E91F6D67}.Release|x64.ActiveCfg = Release|Any CPU
		{563AD7FA-3EB6-435F-BCBF-E4A9E91F6D67}.Release|x64.Build.0 = Release|Any CPU
		{563AD7FA-3EB6-435F-BCBF-E4A9E91F6D67}.Release|x86.ActiveCfg = Release|Any CPU
		{563AD7FA-3EB6-435F-BCBF-E4A9E91F6D67}.Release|x86.Build.0 = Release|Any CPU
		{F816E408-D205-4F20-9912-1F9EC18A9F11}.Debug|Any CPU.ActiveCfg = Debug|Any CPU
		{F816E408-D205-4F20-9912-1F9EC18A9F11}.Debug|Any CPU.Build.0 = Debug|Any CPU
		{F816E408-D205-4F20-9912-1F9EC18A9F11}.Debug|x64.ActiveCfg = Debug|Any CPU
		{F816E408-D205-4F20-9912-1F9EC18A9F11}.Debug|x64.Build.0 = Debug|Any CPU
		{F816E408-D205-4F20-9912-1F9EC18A9F11}.Debug|x86.ActiveCfg = Debug|Any CPU
		{F816E408-D205-4F20-9912-1F9EC18A9F11}.Debug|x86.Build.0 = Debug|Any CPU
		{F816E408-D205-4F20-9912-1F9EC18A9F11}.Release|Any CPU.ActiveCfg = Release|Any CPU
		{F816E408-D205-4F20-9912-1F9EC18A9F11}.Release|Any CPU.Build.0 = Release|Any CPU
		{F816E408-D205-4F20-9912-1F9EC18A9F11}.Release|x64.ActiveCfg = Release|Any CPU
		{F816E408-D205-4F20-9912-1F9EC18A9F11}.Release|x64.Build.0 = Release|Any CPU
		{F816E408-D205-4F20-9912-1F9EC18A9F11}.Release|x86.ActiveCfg = Release|Any CPU
		{F816E408-D205-4F20-9912-1F9EC18A9F11}.Release|x86.Build.0 = Release|Any CPU
		{0C617447-170F-4E08-9092-510038E2B156}.Debug|Any CPU.ActiveCfg = Debug|Any CPU
		{0C617447-170F-4E08-9092-510038E2B156}.Debug|Any CPU.Build.0 = Debug|Any CPU
		{0C617447-170F-4E08-9092-510038E2B156}.Debug|x64.ActiveCfg = Debug|Any CPU
		{0C617447-170F-4E08-9092-510038E2B156}.Debug|x64.Build.0 = Debug|Any CPU
		{0C617447-170F-4E08-9092-510038E2B156}.Debug|x86.ActiveCfg = Debug|Any CPU
		{0C617447-170F-4E08-9092-510038E2B156}.Debug|x86.Build.0 = Debug|Any CPU
		{0C617447-170F-4E08-9092-510038E2B156}.Release|Any CPU.ActiveCfg = Release|Any CPU
		{0C617447-170F-4E08-9092-510038E2B156}.Release|Any CPU.Build.0 = Release|Any CPU
		{0C617447-170F-4E08-9092-510038E2B156}.Release|x64.ActiveCfg = Release|Any CPU
		{0C617447-170F-4E08-9092-510038E2B156}.Release|x64.Build.0 = Release|Any CPU
		{0C617447-170F-4E08-9092-510038E2B156}.Release|x86.ActiveCfg = Release|Any CPU
		{0C617447-170F-4E08-9092-510038E2B156}.Release|x86.Build.0 = Release|Any CPU
		{3AFBA39E-1268-4530-9F66-FB5731549005}.Debug|Any CPU.ActiveCfg = Debug|Any CPU
		{3AFBA39E-1268-4530-9F66-FB5731549005}.Debug|Any CPU.Build.0 = Debug|Any CPU
		{3AFBA39E-1268-4530-9F66-FB5731549005}.Debug|x64.ActiveCfg = Debug|Any CPU
		{3AFBA39E-1268-4530-9F66-FB5731549005}.Debug|x64.Build.0 = Debug|Any CPU
		{3AFBA39E-1268-4530-9F66-FB5731549005}.Debug|x86.ActiveCfg = Debug|Any CPU
		{3AFBA39E-1268-4530-9F66-FB5731549005}.Debug|x86.Build.0 = Debug|Any CPU
		{3AFBA39E-1268-4530-9F66-FB5731549005}.Release|Any CPU.ActiveCfg = Release|Any CPU
		{3AFBA39E-1268-4530-9F66-FB5731549005}.Release|Any CPU.Build.0 = Release|Any CPU
		{3AFBA39E-1268-4530-9F66-FB5731549005}.Release|x64.ActiveCfg = Release|Any CPU
		{3AFBA39E-1268-4530-9F66-FB5731549005}.Release|x64.Build.0 = Release|Any CPU
		{3AFBA39E-1268-4530-9F66-FB5731549005}.Release|x86.ActiveCfg = Release|Any CPU
		{3AFBA39E-1268-4530-9F66-FB5731549005}.Release|x86.Build.0 = Release|Any CPU
		{2F674587-648A-4A34-AD02-9546A935DCAF}.Debug|Any CPU.ActiveCfg = Debug|Any CPU
		{2F674587-648A-4A34-AD02-9546A935DCAF}.Debug|Any CPU.Build.0 = Debug|Any CPU
		{2F674587-648A-4A34-AD02-9546A935DCAF}.Debug|x64.ActiveCfg = Debug|Any CPU
		{2F674587-648A-4A34-AD02-9546A935DCAF}.Debug|x64.Build.0 = Debug|Any CPU
		{2F674587-648A-4A34-AD02-9546A935DCAF}.Debug|x86.ActiveCfg = Debug|Any CPU
		{2F674587-648A-4A34-AD02-9546A935DCAF}.Debug|x86.Build.0 = Debug|Any CPU
		{2F674587-648A-4A34-AD02-9546A935DCAF}.Release|Any CPU.ActiveCfg = Release|Any CPU
		{2F674587-648A-4A34-AD02-9546A935DCAF}.Release|Any CPU.Build.0 = Release|Any CPU
		{2F674587-648A-4A34-AD02-9546A935DCAF}.Release|x64.ActiveCfg = Release|Any CPU
		{2F674587-648A-4A34-AD02-9546A935DCAF}.Release|x64.Build.0 = Release|Any CPU
		{2F674587-648A-4A34-AD02-9546A935DCAF}.Release|x86.ActiveCfg = Release|Any CPU
		{2F674587-648A-4A34-AD02-9546A935DCAF}.Release|x86.Build.0 = Release|Any CPU
		{41F840BF-FF2B-42E7-A0E5-0030467F53DA}.Debug|Any CPU.ActiveCfg = Debug|Any CPU
		{41F840BF-FF2B-42E7-A0E5-0030467F53DA}.Debug|Any CPU.Build.0 = Debug|Any CPU
		{41F840BF-FF2B-42E7-A0E5-0030467F53DA}.Debug|x64.ActiveCfg = Debug|Any CPU
		{41F840BF-FF2B-42E7-A0E5-0030467F53DA}.Debug|x64.Build.0 = Debug|Any CPU
		{41F840BF-FF2B-42E7-A0E5-0030467F53DA}.Debug|x86.ActiveCfg = Debug|Any CPU
		{41F840BF-FF2B-42E7-A0E5-0030467F53DA}.Debug|x86.Build.0 = Debug|Any CPU
		{41F840BF-FF2B-42E7-A0E5-0030467F53DA}.Release|Any CPU.ActiveCfg = Release|Any CPU
		{41F840BF-FF2B-42E7-A0E5-0030467F53DA}.Release|Any CPU.Build.0 = Release|Any CPU
		{41F840BF-FF2B-42E7-A0E5-0030467F53DA}.Release|x64.ActiveCfg = Release|Any CPU
		{41F840BF-FF2B-42E7-A0E5-0030467F53DA}.Release|x64.Build.0 = Release|Any CPU
		{41F840BF-FF2B-42E7-A0E5-0030467F53DA}.Release|x86.ActiveCfg = Release|Any CPU
		{41F840BF-FF2B-42E7-A0E5-0030467F53DA}.Release|x86.Build.0 = Release|Any CPU
		{6C1CED68-70AB-45FF-B879-DB68CA4C5093}.Debug|Any CPU.ActiveCfg = Debug|Any CPU
		{6C1CED68-70AB-45FF-B879-DB68CA4C5093}.Debug|Any CPU.Build.0 = Debug|Any CPU
		{6C1CED68-70AB-45FF-B879-DB68CA4C5093}.Debug|x64.ActiveCfg = Debug|Any CPU
		{6C1CED68-70AB-45FF-B879-DB68CA4C5093}.Debug|x64.Build.0 = Debug|Any CPU
		{6C1CED68-70AB-45FF-B879-DB68CA4C5093}.Debug|x86.ActiveCfg = Debug|Any CPU
		{6C1CED68-70AB-45FF-B879-DB68CA4C5093}.Debug|x86.Build.0 = Debug|Any CPU
		{6C1CED68-70AB-45FF-B879-DB68CA4C5093}.Release|Any CPU.ActiveCfg = Release|Any CPU
		{6C1CED68-70AB-45FF-B879-DB68CA4C5093}.Release|Any CPU.Build.0 = Release|Any CPU
		{6C1CED68-70AB-45FF-B879-DB68CA4C5093}.Release|x64.ActiveCfg = Release|Any CPU
		{6C1CED68-70AB-45FF-B879-DB68CA4C5093}.Release|x64.Build.0 = Release|Any CPU
		{6C1CED68-70AB-45FF-B879-DB68CA4C5093}.Release|x86.ActiveCfg = Release|Any CPU
		{6C1CED68-70AB-45FF-B879-DB68CA4C5093}.Release|x86.Build.0 = Release|Any CPU
		{2191B40B-905A-46CB-92AC-35298B2B8A49}.Debug|Any CPU.ActiveCfg = Debug|Any CPU
		{2191B40B-905A-46CB-92AC-35298B2B8A49}.Debug|Any CPU.Build.0 = Debug|Any CPU
		{2191B40B-905A-46CB-92AC-35298B2B8A49}.Debug|x64.ActiveCfg = Debug|Any CPU
		{2191B40B-905A-46CB-92AC-35298B2B8A49}.Debug|x64.Build.0 = Debug|Any CPU
		{2191B40B-905A-46CB-92AC-35298B2B8A49}.Debug|x86.ActiveCfg = Debug|Any CPU
		{2191B40B-905A-46CB-92AC-35298B2B8A49}.Debug|x86.Build.0 = Debug|Any CPU
		{2191B40B-905A-46CB-92AC-35298B2B8A49}.Release|Any CPU.ActiveCfg = Release|Any CPU
		{2191B40B-905A-46CB-92AC-35298B2B8A49}.Release|Any CPU.Build.0 = Release|Any CPU
		{2191B40B-905A-46CB-92AC-35298B2B8A49}.Release|x64.ActiveCfg = Release|Any CPU
		{2191B40B-905A-46CB-92AC-35298B2B8A49}.Release|x64.Build.0 = Release|Any CPU
		{2191B40B-905A-46CB-92AC-35298B2B8A49}.Release|x86.ActiveCfg = Release|Any CPU
		{2191B40B-905A-46CB-92AC-35298B2B8A49}.Release|x86.Build.0 = Release|Any CPU
		{721630C4-E23F-4B81-A1CC-4D94E2661E01}.Debug|Any CPU.ActiveCfg = Debug|Any CPU
		{721630C4-E23F-4B81-A1CC-4D94E2661E01}.Debug|Any CPU.Build.0 = Debug|Any CPU
		{721630C4-E23F-4B81-A1CC-4D94E2661E01}.Debug|x64.ActiveCfg = Debug|Any CPU
		{721630C4-E23F-4B81-A1CC-4D94E2661E01}.Debug|x64.Build.0 = Debug|Any CPU
		{721630C4-E23F-4B81-A1CC-4D94E2661E01}.Debug|x86.ActiveCfg = Debug|Any CPU
		{721630C4-E23F-4B81-A1CC-4D94E2661E01}.Debug|x86.Build.0 = Debug|Any CPU
		{721630C4-E23F-4B81-A1CC-4D94E2661E01}.Release|Any CPU.ActiveCfg = Release|Any CPU
		{721630C4-E23F-4B81-A1CC-4D94E2661E01}.Release|Any CPU.Build.0 = Release|Any CPU
		{721630C4-E23F-4B81-A1CC-4D94E2661E01}.Release|x64.ActiveCfg = Release|Any CPU
		{721630C4-E23F-4B81-A1CC-4D94E2661E01}.Release|x64.Build.0 = Release|Any CPU
		{721630C4-E23F-4B81-A1CC-4D94E2661E01}.Release|x86.ActiveCfg = Release|Any CPU
		{721630C4-E23F-4B81-A1CC-4D94E2661E01}.Release|x86.Build.0 = Release|Any CPU
		{9E3A2799-1357-4C92-8E80-1C9D700DBFFF}.Debug|Any CPU.ActiveCfg = Debug|Any CPU
		{9E3A2799-1357-4C92-8E80-1C9D700DBFFF}.Debug|Any CPU.Build.0 = Debug|Any CPU
		{9E3A2799-1357-4C92-8E80-1C9D700DBFFF}.Debug|x64.ActiveCfg = Debug|Any CPU
		{9E3A2799-1357-4C92-8E80-1C9D700DBFFF}.Debug|x64.Build.0 = Debug|Any CPU
		{9E3A2799-1357-4C92-8E80-1C9D700DBFFF}.Debug|x86.ActiveCfg = Debug|Any CPU
		{9E3A2799-1357-4C92-8E80-1C9D700DBFFF}.Debug|x86.Build.0 = Debug|Any CPU
		{9E3A2799-1357-4C92-8E80-1C9D700DBFFF}.Release|Any CPU.ActiveCfg = Release|Any CPU
		{9E3A2799-1357-4C92-8E80-1C9D700DBFFF}.Release|Any CPU.Build.0 = Release|Any CPU
		{9E3A2799-1357-4C92-8E80-1C9D700DBFFF}.Release|x64.ActiveCfg = Release|Any CPU
		{9E3A2799-1357-4C92-8E80-1C9D700DBFFF}.Release|x64.Build.0 = Release|Any CPU
		{9E3A2799-1357-4C92-8E80-1C9D700DBFFF}.Release|x86.ActiveCfg = Release|Any CPU
		{9E3A2799-1357-4C92-8E80-1C9D700DBFFF}.Release|x86.Build.0 = Release|Any CPU
		{D6A640CC-C153-4AD3-B5A9-446C49D585DC}.Debug|Any CPU.ActiveCfg = Debug|Any CPU
		{D6A640CC-C153-4AD3-B5A9-446C49D585DC}.Debug|Any CPU.Build.0 = Debug|Any CPU
		{D6A640CC-C153-4AD3-B5A9-446C49D585DC}.Debug|x64.ActiveCfg = Debug|Any CPU
		{D6A640CC-C153-4AD3-B5A9-446C49D585DC}.Debug|x64.Build.0 = Debug|Any CPU
		{D6A640CC-C153-4AD3-B5A9-446C49D585DC}.Debug|x86.ActiveCfg = Debug|Any CPU
		{D6A640CC-C153-4AD3-B5A9-446C49D585DC}.Debug|x86.Build.0 = Debug|Any CPU
		{D6A640CC-C153-4AD3-B5A9-446C49D585DC}.Release|Any CPU.ActiveCfg = Release|Any CPU
		{D6A640CC-C153-4AD3-B5A9-446C49D585DC}.Release|Any CPU.Build.0 = Release|Any CPU
		{D6A640CC-C153-4AD3-B5A9-446C49D585DC}.Release|x64.ActiveCfg = Release|Any CPU
		{D6A640CC-C153-4AD3-B5A9-446C49D585DC}.Release|x64.Build.0 = Release|Any CPU
		{D6A640CC-C153-4AD3-B5A9-446C49D585DC}.Release|x86.ActiveCfg = Release|Any CPU
		{D6A640CC-C153-4AD3-B5A9-446C49D585DC}.Release|x86.Build.0 = Release|Any CPU
		{04EE9CA2-55D8-4580-BAA9-ADE66C64DD2E}.Debug|Any CPU.ActiveCfg = Debug|Any CPU
		{04EE9CA2-55D8-4580-BAA9-ADE66C64DD2E}.Debug|Any CPU.Build.0 = Debug|Any CPU
		{04EE9CA2-55D8-4580-BAA9-ADE66C64DD2E}.Debug|x64.ActiveCfg = Debug|Any CPU
		{04EE9CA2-55D8-4580-BAA9-ADE66C64DD2E}.Debug|x64.Build.0 = Debug|Any CPU
		{04EE9CA2-55D8-4580-BAA9-ADE66C64DD2E}.Debug|x86.ActiveCfg = Debug|Any CPU
		{04EE9CA2-55D8-4580-BAA9-ADE66C64DD2E}.Debug|x86.Build.0 = Debug|Any CPU
		{04EE9CA2-55D8-4580-BAA9-ADE66C64DD2E}.Release|Any CPU.ActiveCfg = Release|Any CPU
		{04EE9CA2-55D8-4580-BAA9-ADE66C64DD2E}.Release|Any CPU.Build.0 = Release|Any CPU
		{04EE9CA2-55D8-4580-BAA9-ADE66C64DD2E}.Release|x64.ActiveCfg = Release|Any CPU
		{04EE9CA2-55D8-4580-BAA9-ADE66C64DD2E}.Release|x64.Build.0 = Release|Any CPU
		{04EE9CA2-55D8-4580-BAA9-ADE66C64DD2E}.Release|x86.ActiveCfg = Release|Any CPU
		{04EE9CA2-55D8-4580-BAA9-ADE66C64DD2E}.Release|x86.Build.0 = Release|Any CPU
		{07B9519C-A188-4C94-A484-43FF95CA9623}.Debug|Any CPU.ActiveCfg = Debug|Any CPU
		{07B9519C-A188-4C94-A484-43FF95CA9623}.Debug|Any CPU.Build.0 = Debug|Any CPU
		{07B9519C-A188-4C94-A484-43FF95CA9623}.Debug|x64.ActiveCfg = Debug|Any CPU
		{07B9519C-A188-4C94-A484-43FF95CA9623}.Debug|x64.Build.0 = Debug|Any CPU
		{07B9519C-A188-4C94-A484-43FF95CA9623}.Debug|x86.ActiveCfg = Debug|Any CPU
		{07B9519C-A188-4C94-A484-43FF95CA9623}.Debug|x86.Build.0 = Debug|Any CPU
		{07B9519C-A188-4C94-A484-43FF95CA9623}.Release|Any CPU.ActiveCfg = Release|Any CPU
		{07B9519C-A188-4C94-A484-43FF95CA9623}.Release|Any CPU.Build.0 = Release|Any CPU
		{07B9519C-A188-4C94-A484-43FF95CA9623}.Release|x64.ActiveCfg = Release|Any CPU
		{07B9519C-A188-4C94-A484-43FF95CA9623}.Release|x64.Build.0 = Release|Any CPU
		{07B9519C-A188-4C94-A484-43FF95CA9623}.Release|x86.ActiveCfg = Release|Any CPU
		{07B9519C-A188-4C94-A484-43FF95CA9623}.Release|x86.Build.0 = Release|Any CPU
		{58FB6B9A-8657-44C4-8572-F6DE13C794AA}.Debug|Any CPU.ActiveCfg = Debug|Any CPU
		{58FB6B9A-8657-44C4-8572-F6DE13C794AA}.Debug|Any CPU.Build.0 = Debug|Any CPU
		{58FB6B9A-8657-44C4-8572-F6DE13C794AA}.Debug|x64.ActiveCfg = Debug|Any CPU
		{58FB6B9A-8657-44C4-8572-F6DE13C794AA}.Debug|x64.Build.0 = Debug|Any CPU
		{58FB6B9A-8657-44C4-8572-F6DE13C794AA}.Debug|x86.ActiveCfg = Debug|Any CPU
		{58FB6B9A-8657-44C4-8572-F6DE13C794AA}.Debug|x86.Build.0 = Debug|Any CPU
		{58FB6B9A-8657-44C4-8572-F6DE13C794AA}.Release|Any CPU.ActiveCfg = Release|Any CPU
		{58FB6B9A-8657-44C4-8572-F6DE13C794AA}.Release|Any CPU.Build.0 = Release|Any CPU
		{58FB6B9A-8657-44C4-8572-F6DE13C794AA}.Release|x64.ActiveCfg = Release|Any CPU
		{58FB6B9A-8657-44C4-8572-F6DE13C794AA}.Release|x64.Build.0 = Release|Any CPU
		{58FB6B9A-8657-44C4-8572-F6DE13C794AA}.Release|x86.ActiveCfg = Release|Any CPU
		{58FB6B9A-8657-44C4-8572-F6DE13C794AA}.Release|x86.Build.0 = Release|Any CPU
		{60635103-ACE5-46AD-A669-180A5085381F}.Debug|Any CPU.ActiveCfg = Debug|Any CPU
		{60635103-ACE5-46AD-A669-180A5085381F}.Debug|Any CPU.Build.0 = Debug|Any CPU
		{60635103-ACE5-46AD-A669-180A5085381F}.Debug|x64.ActiveCfg = Debug|Any CPU
		{60635103-ACE5-46AD-A669-180A5085381F}.Debug|x64.Build.0 = Debug|Any CPU
		{60635103-ACE5-46AD-A669-180A5085381F}.Debug|x86.ActiveCfg = Debug|Any CPU
		{60635103-ACE5-46AD-A669-180A5085381F}.Debug|x86.Build.0 = Debug|Any CPU
		{60635103-ACE5-46AD-A669-180A5085381F}.Release|Any CPU.ActiveCfg = Release|Any CPU
		{60635103-ACE5-46AD-A669-180A5085381F}.Release|Any CPU.Build.0 = Release|Any CPU
		{60635103-ACE5-46AD-A669-180A5085381F}.Release|x64.ActiveCfg = Release|Any CPU
		{60635103-ACE5-46AD-A669-180A5085381F}.Release|x64.Build.0 = Release|Any CPU
		{60635103-ACE5-46AD-A669-180A5085381F}.Release|x86.ActiveCfg = Release|Any CPU
		{60635103-ACE5-46AD-A669-180A5085381F}.Release|x86.Build.0 = Release|Any CPU
		{74F9C662-E235-473F-BAC5-638534CD4EDA}.Debug|Any CPU.ActiveCfg = Debug|Any CPU
		{74F9C662-E235-473F-BAC5-638534CD4EDA}.Debug|Any CPU.Build.0 = Debug|Any CPU
		{74F9C662-E235-473F-BAC5-638534CD4EDA}.Debug|x64.ActiveCfg = Debug|Any CPU
		{74F9C662-E235-473F-BAC5-638534CD4EDA}.Debug|x64.Build.0 = Debug|Any CPU
		{74F9C662-E235-473F-BAC5-638534CD4EDA}.Debug|x86.ActiveCfg = Debug|Any CPU
		{74F9C662-E235-473F-BAC5-638534CD4EDA}.Debug|x86.Build.0 = Debug|Any CPU
		{74F9C662-E235-473F-BAC5-638534CD4EDA}.Release|Any CPU.ActiveCfg = Release|Any CPU
		{74F9C662-E235-473F-BAC5-638534CD4EDA}.Release|Any CPU.Build.0 = Release|Any CPU
		{74F9C662-E235-473F-BAC5-638534CD4EDA}.Release|x64.ActiveCfg = Release|Any CPU
		{74F9C662-E235-473F-BAC5-638534CD4EDA}.Release|x64.Build.0 = Release|Any CPU
		{74F9C662-E235-473F-BAC5-638534CD4EDA}.Release|x86.ActiveCfg = Release|Any CPU
		{74F9C662-E235-473F-BAC5-638534CD4EDA}.Release|x86.Build.0 = Release|Any CPU
		{A1B204F8-224F-4FD0-B653-9EAA7C3477EF}.Debug|Any CPU.ActiveCfg = Debug|Any CPU
		{A1B204F8-224F-4FD0-B653-9EAA7C3477EF}.Debug|Any CPU.Build.0 = Debug|Any CPU
		{A1B204F8-224F-4FD0-B653-9EAA7C3477EF}.Debug|x64.ActiveCfg = Debug|Any CPU
		{A1B204F8-224F-4FD0-B653-9EAA7C3477EF}.Debug|x64.Build.0 = Debug|Any CPU
		{A1B204F8-224F-4FD0-B653-9EAA7C3477EF}.Debug|x86.ActiveCfg = Debug|Any CPU
		{A1B204F8-224F-4FD0-B653-9EAA7C3477EF}.Debug|x86.Build.0 = Debug|Any CPU
		{A1B204F8-224F-4FD0-B653-9EAA7C3477EF}.Release|Any CPU.ActiveCfg = Release|Any CPU
		{A1B204F8-224F-4FD0-B653-9EAA7C3477EF}.Release|Any CPU.Build.0 = Release|Any CPU
		{A1B204F8-224F-4FD0-B653-9EAA7C3477EF}.Release|x64.ActiveCfg = Release|Any CPU
		{A1B204F8-224F-4FD0-B653-9EAA7C3477EF}.Release|x64.Build.0 = Release|Any CPU
		{A1B204F8-224F-4FD0-B653-9EAA7C3477EF}.Release|x86.ActiveCfg = Release|Any CPU
		{A1B204F8-224F-4FD0-B653-9EAA7C3477EF}.Release|x86.Build.0 = Release|Any CPU
		{06F56581-69C8-4435-8C53-858595C293AB}.Debug|Any CPU.ActiveCfg = Debug|Any CPU
		{06F56581-69C8-4435-8C53-858595C293AB}.Debug|Any CPU.Build.0 = Debug|Any CPU
		{06F56581-69C8-4435-8C53-858595C293AB}.Debug|x64.ActiveCfg = Debug|Any CPU
		{06F56581-69C8-4435-8C53-858595C293AB}.Debug|x64.Build.0 = Debug|Any CPU
		{06F56581-69C8-4435-8C53-858595C293AB}.Debug|x86.ActiveCfg = Debug|Any CPU
		{06F56581-69C8-4435-8C53-858595C293AB}.Debug|x86.Build.0 = Debug|Any CPU
		{06F56581-69C8-4435-8C53-858595C293AB}.Release|Any CPU.ActiveCfg = Release|Any CPU
		{06F56581-69C8-4435-8C53-858595C293AB}.Release|Any CPU.Build.0 = Release|Any CPU
		{06F56581-69C8-4435-8C53-858595C293AB}.Release|x64.ActiveCfg = Release|Any CPU
		{06F56581-69C8-4435-8C53-858595C293AB}.Release|x64.Build.0 = Release|Any CPU
		{06F56581-69C8-4435-8C53-858595C293AB}.Release|x86.ActiveCfg = Release|Any CPU
		{06F56581-69C8-4435-8C53-858595C293AB}.Release|x86.Build.0 = Release|Any CPU
		{1EF3F98E-24D4-4544-8FCF-4911F6B77D1A}.Debug|Any CPU.ActiveCfg = Debug|Any CPU
		{1EF3F98E-24D4-4544-8FCF-4911F6B77D1A}.Debug|Any CPU.Build.0 = Debug|Any CPU
		{1EF3F98E-24D4-4544-8FCF-4911F6B77D1A}.Debug|x64.ActiveCfg = Debug|Any CPU
		{1EF3F98E-24D4-4544-8FCF-4911F6B77D1A}.Debug|x64.Build.0 = Debug|Any CPU
		{1EF3F98E-24D4-4544-8FCF-4911F6B77D1A}.Debug|x86.ActiveCfg = Debug|Any CPU
		{1EF3F98E-24D4-4544-8FCF-4911F6B77D1A}.Debug|x86.Build.0 = Debug|Any CPU
		{1EF3F98E-24D4-4544-8FCF-4911F6B77D1A}.Release|Any CPU.ActiveCfg = Release|Any CPU
		{1EF3F98E-24D4-4544-8FCF-4911F6B77D1A}.Release|Any CPU.Build.0 = Release|Any CPU
		{1EF3F98E-24D4-4544-8FCF-4911F6B77D1A}.Release|x64.ActiveCfg = Release|Any CPU
		{1EF3F98E-24D4-4544-8FCF-4911F6B77D1A}.Release|x64.Build.0 = Release|Any CPU
		{1EF3F98E-24D4-4544-8FCF-4911F6B77D1A}.Release|x86.ActiveCfg = Release|Any CPU
		{1EF3F98E-24D4-4544-8FCF-4911F6B77D1A}.Release|x86.Build.0 = Release|Any CPU
		{4F16C192-4E6B-4380-B8EC-88740576A888}.Debug|Any CPU.ActiveCfg = Debug|Any CPU
		{4F16C192-4E6B-4380-B8EC-88740576A888}.Debug|Any CPU.Build.0 = Debug|Any CPU
		{4F16C192-4E6B-4380-B8EC-88740576A888}.Debug|x64.ActiveCfg = Debug|Any CPU
		{4F16C192-4E6B-4380-B8EC-88740576A888}.Debug|x64.Build.0 = Debug|Any CPU
		{4F16C192-4E6B-4380-B8EC-88740576A888}.Debug|x86.ActiveCfg = Debug|Any CPU
		{4F16C192-4E6B-4380-B8EC-88740576A888}.Debug|x86.Build.0 = Debug|Any CPU
		{4F16C192-4E6B-4380-B8EC-88740576A888}.Release|Any CPU.ActiveCfg = Release|Any CPU
		{4F16C192-4E6B-4380-B8EC-88740576A888}.Release|Any CPU.Build.0 = Release|Any CPU
		{4F16C192-4E6B-4380-B8EC-88740576A888}.Release|x64.ActiveCfg = Release|Any CPU
		{4F16C192-4E6B-4380-B8EC-88740576A888}.Release|x64.Build.0 = Release|Any CPU
		{4F16C192-4E6B-4380-B8EC-88740576A888}.Release|x86.ActiveCfg = Release|Any CPU
		{4F16C192-4E6B-4380-B8EC-88740576A888}.Release|x86.Build.0 = Release|Any CPU
		{089DF566-4D9F-4B11-B074-A52CE16BC320}.Debug|Any CPU.ActiveCfg = Debug|Any CPU
		{089DF566-4D9F-4B11-B074-A52CE16BC320}.Debug|Any CPU.Build.0 = Debug|Any CPU
		{089DF566-4D9F-4B11-B074-A52CE16BC320}.Debug|x64.ActiveCfg = Debug|Any CPU
		{089DF566-4D9F-4B11-B074-A52CE16BC320}.Debug|x64.Build.0 = Debug|Any CPU
		{089DF566-4D9F-4B11-B074-A52CE16BC320}.Debug|x86.ActiveCfg = Debug|Any CPU
		{089DF566-4D9F-4B11-B074-A52CE16BC320}.Debug|x86.Build.0 = Debug|Any CPU
		{089DF566-4D9F-4B11-B074-A52CE16BC320}.Release|Any CPU.ActiveCfg = Release|Any CPU
		{089DF566-4D9F-4B11-B074-A52CE16BC320}.Release|Any CPU.Build.0 = Release|Any CPU
		{089DF566-4D9F-4B11-B074-A52CE16BC320}.Release|x64.ActiveCfg = Release|Any CPU
		{089DF566-4D9F-4B11-B074-A52CE16BC320}.Release|x64.Build.0 = Release|Any CPU
		{089DF566-4D9F-4B11-B074-A52CE16BC320}.Release|x86.ActiveCfg = Release|Any CPU
		{089DF566-4D9F-4B11-B074-A52CE16BC320}.Release|x86.Build.0 = Release|Any CPU
		{32C8A125-E39E-40D3-8738-279ACD53C321}.Debug|Any CPU.ActiveCfg = Debug|Any CPU
		{32C8A125-E39E-40D3-8738-279ACD53C321}.Debug|Any CPU.Build.0 = Debug|Any CPU
		{32C8A125-E39E-40D3-8738-279ACD53C321}.Debug|x64.ActiveCfg = Debug|Any CPU
		{32C8A125-E39E-40D3-8738-279ACD53C321}.Debug|x64.Build.0 = Debug|Any CPU
		{32C8A125-E39E-40D3-8738-279ACD53C321}.Debug|x86.ActiveCfg = Debug|Any CPU
		{32C8A125-E39E-40D3-8738-279ACD53C321}.Debug|x86.Build.0 = Debug|Any CPU
		{32C8A125-E39E-40D3-8738-279ACD53C321}.Release|Any CPU.ActiveCfg = Release|Any CPU
		{32C8A125-E39E-40D3-8738-279ACD53C321}.Release|Any CPU.Build.0 = Release|Any CPU
		{32C8A125-E39E-40D3-8738-279ACD53C321}.Release|x64.ActiveCfg = Release|Any CPU
		{32C8A125-E39E-40D3-8738-279ACD53C321}.Release|x64.Build.0 = Release|Any CPU
		{32C8A125-E39E-40D3-8738-279ACD53C321}.Release|x86.ActiveCfg = Release|Any CPU
		{32C8A125-E39E-40D3-8738-279ACD53C321}.Release|x86.Build.0 = Release|Any CPU
		{E6C96790-14BE-4F69-8542-EA127F4DB962}.Debug|Any CPU.ActiveCfg = Debug|Any CPU
		{E6C96790-14BE-4F69-8542-EA127F4DB962}.Debug|Any CPU.Build.0 = Debug|Any CPU
		{E6C96790-14BE-4F69-8542-EA127F4DB962}.Debug|x64.ActiveCfg = Debug|Any CPU
		{E6C96790-14BE-4F69-8542-EA127F4DB962}.Debug|x64.Build.0 = Debug|Any CPU
		{E6C96790-14BE-4F69-8542-EA127F4DB962}.Debug|x86.ActiveCfg = Debug|Any CPU
		{E6C96790-14BE-4F69-8542-EA127F4DB962}.Debug|x86.Build.0 = Debug|Any CPU
		{E6C96790-14BE-4F69-8542-EA127F4DB962}.Release|Any CPU.ActiveCfg = Release|Any CPU
		{E6C96790-14BE-4F69-8542-EA127F4DB962}.Release|Any CPU.Build.0 = Release|Any CPU
		{E6C96790-14BE-4F69-8542-EA127F4DB962}.Release|x64.ActiveCfg = Release|Any CPU
		{E6C96790-14BE-4F69-8542-EA127F4DB962}.Release|x64.Build.0 = Release|Any CPU
		{E6C96790-14BE-4F69-8542-EA127F4DB962}.Release|x86.ActiveCfg = Release|Any CPU
		{E6C96790-14BE-4F69-8542-EA127F4DB962}.Release|x86.Build.0 = Release|Any CPU
		{CF1F744A-70EF-4A9D-88D2-2F4764BDDAEA}.Debug|Any CPU.ActiveCfg = Debug|Any CPU
		{CF1F744A-70EF-4A9D-88D2-2F4764BDDAEA}.Debug|Any CPU.Build.0 = Debug|Any CPU
		{CF1F744A-70EF-4A9D-88D2-2F4764BDDAEA}.Debug|x64.ActiveCfg = Debug|Any CPU
		{CF1F744A-70EF-4A9D-88D2-2F4764BDDAEA}.Debug|x64.Build.0 = Debug|Any CPU
		{CF1F744A-70EF-4A9D-88D2-2F4764BDDAEA}.Debug|x86.ActiveCfg = Debug|Any CPU
		{CF1F744A-70EF-4A9D-88D2-2F4764BDDAEA}.Debug|x86.Build.0 = Debug|Any CPU
		{CF1F744A-70EF-4A9D-88D2-2F4764BDDAEA}.Release|Any CPU.ActiveCfg = Release|Any CPU
		{CF1F744A-70EF-4A9D-88D2-2F4764BDDAEA}.Release|Any CPU.Build.0 = Release|Any CPU
		{CF1F744A-70EF-4A9D-88D2-2F4764BDDAEA}.Release|x64.ActiveCfg = Release|Any CPU
		{CF1F744A-70EF-4A9D-88D2-2F4764BDDAEA}.Release|x64.Build.0 = Release|Any CPU
		{CF1F744A-70EF-4A9D-88D2-2F4764BDDAEA}.Release|x86.ActiveCfg = Release|Any CPU
		{CF1F744A-70EF-4A9D-88D2-2F4764BDDAEA}.Release|x86.Build.0 = Release|Any CPU
		{9960F15F-4FD6-4CAD-A88D-F6598F42C573}.Debug|Any CPU.ActiveCfg = Debug|Any CPU
		{9960F15F-4FD6-4CAD-A88D-F6598F42C573}.Debug|Any CPU.Build.0 = Debug|Any CPU
		{9960F15F-4FD6-4CAD-A88D-F6598F42C573}.Debug|x64.ActiveCfg = Debug|Any CPU
		{9960F15F-4FD6-4CAD-A88D-F6598F42C573}.Debug|x64.Build.0 = Debug|Any CPU
		{9960F15F-4FD6-4CAD-A88D-F6598F42C573}.Debug|x86.ActiveCfg = Debug|Any CPU
		{9960F15F-4FD6-4CAD-A88D-F6598F42C573}.Debug|x86.Build.0 = Debug|Any CPU
		{9960F15F-4FD6-4CAD-A88D-F6598F42C573}.Release|Any CPU.ActiveCfg = Release|Any CPU
		{9960F15F-4FD6-4CAD-A88D-F6598F42C573}.Release|Any CPU.Build.0 = Release|Any CPU
		{9960F15F-4FD6-4CAD-A88D-F6598F42C573}.Release|x64.ActiveCfg = Release|Any CPU
		{9960F15F-4FD6-4CAD-A88D-F6598F42C573}.Release|x64.Build.0 = Release|Any CPU
		{9960F15F-4FD6-4CAD-A88D-F6598F42C573}.Release|x86.ActiveCfg = Release|Any CPU
		{9960F15F-4FD6-4CAD-A88D-F6598F42C573}.Release|x86.Build.0 = Release|Any CPU
	EndGlobalSection
	GlobalSection(SolutionProperties) = preSolution
		HideSolutionNode = FALSE
	EndGlobalSection
	GlobalSection(NestedProjects) = preSolution
		{B2C3D4E5-F6A7-8901-BCDE-F12345678901} = {A1B2C3D4-E5F6-7890-ABCD-EF1234567890}
		{C3D4E5F6-A7B8-9012-CDEF-123456789012} = {A1B2C3D4-E5F6-7890-ABCD-EF1234567890}
		{D4E5F6A7-B8C9-0123-DEF0-234567890123} = {A1B2C3D4-E5F6-7890-ABCD-EF1234567890}
		{E5F6A7B8-C9D0-1234-EF01-345678901234} = {B2C3D4E5-F6A7-8901-BCDE-F12345678901}
		{F6A7B8C9-D0E1-2345-F012-456789012345} = {B2C3D4E5-F6A7-8901-BCDE-F12345678901}
		{A7B8C9D0-E1F2-3456-0123-567890123456} = {B2C3D4E5-F6A7-8901-BCDE-F12345678901}
		{B8C9D0E1-F2A3-4567-1234-678901234567} = {B2C3D4E5-F6A7-8901-BCDE-F12345678901}
		{C9D0E1F2-A3B4-5678-2345-789012345678} = {C3D4E5F6-A7B8-9012-CDEF-123456789012}
		{77777777-7777-7777-7777-777777777777} = {66666666-6666-6666-6666-666666666666}
		{1CF6108A-1185-35DE-5336-C1AA265239B1} = {D4E5F6A7-B8C9-0123-DEF0-234567890123}
		{B2EAACFF-A197-41CE-BE3D-07A0A0772EA8} = {1CF6108A-1185-35DE-5336-C1AA265239B1}
		{0FCD0F38-8509-419D-AAF7-D028DE7D706A} = {1CF6108A-1185-35DE-5336-C1AA265239B1}
		{669554E2-7FD5-4E67-AB21-3A845234832B} = {1CF6108A-1185-35DE-5336-C1AA265239B1}
		{D1808495-CEA6-9182-464B-E341048D0084} = {D4E5F6A7-B8C9-0123-DEF0-234567890123}
		{C3576F69-20DB-440D-BD53-8DAE00EF5D3A} = {D1808495-CEA6-9182-464B-E341048D0084}
		{63C47541-7654-409D-8DB4-BA045427725F} = {1CF6108A-1185-35DE-5336-C1AA265239B1}
		{167CAECA-4AA2-4F97-AE4F-3A822445F2BF} = {1CF6108A-1185-35DE-5336-C1AA265239B1}
		{5879098A-2DB3-437A-AB24-D714BF41DE3B} = {D1808495-CEA6-9182-464B-E341048D0084}
		{CE2D77F8-B6C7-4BE3-BA94-F7530E869DB9} = {D1808495-CEA6-9182-464B-E341048D0084}
		{AA87B7B7-CEA3-4E5C-B62C-8EAC2B8898D6} = {D1808495-CEA6-9182-464B-E341048D0084}
		{63A5CEAD-1133-4137-A4F8-4303B14CCC29} = {D1808495-CEA6-9182-464B-E341048D0084}
		{18DAEF29-55A3-BEDD-F3E8-9126768E3534} = {1CF6108A-1185-35DE-5336-C1AA265239B1}
		{25B13C2D-1496-4D86-82AF-4B416EC0DEED} = {18DAEF29-55A3-BEDD-F3E8-9126768E3534}
		{A4E7DD2B-B904-4AA4-B196-D134609FE46C} = {18DAEF29-55A3-BEDD-F3E8-9126768E3534}
		{9A805616-B6DC-3A22-2787-69BF736FCE68} = {D1808495-CEA6-9182-464B-E341048D0084}
		{84D65A12-0560-4583-9B26-715294362703} = {9A805616-B6DC-3A22-2787-69BF736FCE68}
		{2F2298F5-5C4A-4071-9FC0-3D642C545EB0} = {9A805616-B6DC-3A22-2787-69BF736FCE68}
		{D269E6B0-7F09-94EF-0285-FCEBCC09D17C} = {B2C3D4E5-F6A7-8901-BCDE-F12345678901}
		{690240BD-4077-4DB1-929B-8A5B8A58A22F} = {D269E6B0-7F09-94EF-0285-FCEBCC09D17C}
		{E66C60B9-BF26-4A3C-ADED-75C35791AEC6} = {18DAEF29-55A3-BEDD-F3E8-9126768E3534}
		{BCA061CF-6D5A-432E-B341-691E92DBE828} = {D9F8ECC2-4551-4678-B2FF-2245E98670B3}
		{DCC07720-D865-4BD9-BB84-DC62945328D1} = {D9F8ECC2-4551-4678-B2FF-2245E98670B3}
		{6773C282-E79C-427A-B132-D74AA34204FD} = {C3D4E5F6-A7B8-9012-CDEF-123456789012}
		{1DA8AD2E-D8C3-47BA-BBB2-F7AEBA885810} = {D269E6B0-7F09-94EF-0285-FCEBCC09D17C}
		{35CD94B1-9953-427A-9BD3-CCB8663666D3} = {D269E6B0-7F09-94EF-0285-FCEBCC09D17C}
		{8482BE51-3901-4962-8301-6FB3EA5C992A} = {D269E6B0-7F09-94EF-0285-FCEBCC09D17C}
		{6E8ADB59-D9F3-4E51-B584-9214AB21BFE3} = {D269E6B0-7F09-94EF-0285-FCEBCC09D17C}
		{3FA4779A-B4DD-7F87-4120-DFA01464BE5F} = {D4E5F6A7-B8C9-0123-DEF0-234567890123}
		{13A02B45-9A35-47E3-B2A2-AC37582508B5} = {3FA4779A-B4DD-7F87-4120-DFA01464BE5F}
		{D771CD15-F363-46CA-82E6-AF806C4B7BB0} = {3FA4779A-B4DD-7F87-4120-DFA01464BE5F}
		{6AD1ED07-7D5A-41F6-B782-483B8F806789} = {3FA4779A-B4DD-7F87-4120-DFA01464BE5F}
		{4C863939-04CE-4914-9B03-0F594BA415E1} = {3FA4779A-B4DD-7F87-4120-DFA01464BE5F}
		{2029975D-E689-4C7F-BFAA-2B9EDF7364A8} = {3FA4779A-B4DD-7F87-4120-DFA01464BE5F}
		{A8090CE6-3CAB-3C94-0010-A9FBD0FB5AA0} = {3FA4779A-B4DD-7F87-4120-DFA01464BE5F}
		{48707863-E9C1-4332-B792-37F9A8AA7E27} = {A8090CE6-3CAB-3C94-0010-A9FBD0FB5AA0}
		{4F309DFE-5A2E-4CC5-B76E-44F83CD48356} = {A8090CE6-3CAB-3C94-0010-A9FBD0FB5AA0}
		{CB2DDD76-6835-4369-AB44-C3C0BF43E72C} = {D9F8ECC2-4551-4678-B2FF-2245E98670B3}
		{F879747D-965E-4885-0712-40ADBFB10225} = {D4E5F6A7-B8C9-0123-DEF0-234567890123}
		{D517C249-517E-4223-AA4C-141AF140D797} = {F879747D-965E-4885-0712-40ADBFB10225}
		{732922D0-9204-4BFD-B002-C9ABAB113D8E} = {F879747D-965E-4885-0712-40ADBFB10225}
		{0D686A11-628E-4E30-979E-4E7D54A0BFE1} = {F879747D-965E-4885-0712-40ADBFB10225}
		{626FD84C-B9C9-4EF9-8A9A-1993B11BE9EE} = {F879747D-965E-4885-0712-40ADBFB10225}
		{AB2A164A-BEC9-49C7-B4E0-C350C59F238C} = {F879747D-965E-4885-0712-40ADBFB10225}
		{18092135-392A-8D61-9242-AECC221E0AF2} = {F879747D-965E-4885-0712-40ADBFB10225}
		{D8E3AB5D-1E62-4460-9165-E17C9AF288CE} = {18092135-392A-8D61-9242-AECC221E0AF2}
		{847CC7CF-B243-4100-AF93-1AA2D81EC2C5} = {18092135-392A-8D61-9242-AECC221E0AF2}
		{5FC06DC4-7642-46E2-B0CE-3A9D7D4BEDA1} = {D9F8ECC2-4551-4678-B2FF-2245E98670B3}
		{D9F8ECC2-4551-4678-B2FF-2245E98670B3} = {C3D4E5F6-A7B8-9012-CDEF-123456789012}
		{73A50E39-953C-456E-A900-32C2D52C1616} = {AA11BB22-CC33-DD44-EE55-FF6677889900}
		{DE809EA1-2EAB-4760-AC34-21957765E16F} = {AA11BB22-CC33-DD44-EE55-FF6677889900}
		{563AD7FA-3EB6-435F-BCBF-E4A9E91F6D67} = {AA11BB22-CC33-DD44-EE55-FF6677889900}
		{F816E408-D205-4F20-9912-1F9EC18A9F11} = {AA11BB22-CC33-DD44-EE55-FF6677889900}
		{0C617447-170F-4E08-9092-510038E2B156} = {AA11BB22-CC33-DD44-EE55-FF6677889900}
		{3AFBA39E-1268-4530-9F66-FB5731549005} = {AA11BB22-CC33-DD44-EE55-FF6677889901}
		{2F674587-648A-4A34-AD02-9546A935DCAF} = {AA11BB22-CC33-DD44-EE55-FF6677889901}
		{41F840BF-FF2B-42E7-A0E5-0030467F53DA} = {D9F8ECC2-4551-4678-B2FF-2245E98670B3}
		{3430B5D7-3442-E940-2D9C-B36223823D65} = {D4E5F6A7-B8C9-0123-DEF0-234567890123}
		{6C1CED68-70AB-45FF-B879-DB68CA4C5093} = {3430B5D7-3442-E940-2D9C-B36223823D65}
		{2191B40B-905A-46CB-92AC-35298B2B8A49} = {3430B5D7-3442-E940-2D9C-B36223823D65}
		{721630C4-E23F-4B81-A1CC-4D94E2661E01} = {3430B5D7-3442-E940-2D9C-B36223823D65}
		{9E3A2799-1357-4C92-8E80-1C9D700DBFFF} = {3430B5D7-3442-E940-2D9C-B36223823D65}
		{D6A640CC-C153-4AD3-B5A9-446C49D585DC} = {3430B5D7-3442-E940-2D9C-B36223823D65}
		{04EE9CA2-55D8-4580-BAA9-ADE66C64DD2E} = {AA11BB22-CC33-DD44-EE55-FF6677889902}
		{07B9519C-A188-4C94-A484-43FF95CA9623} = {AA11BB22-CC33-DD44-EE55-FF6677889902}
		{58FB6B9A-8657-44C4-8572-F6DE13C794AA} = {D9F8ECC2-4551-4678-B2FF-2245E98670B3}
		{AA11BB22-CC33-DD44-EE55-FF6677889900} = {D4E5F6A7-B8C9-0123-DEF0-234567890123}
		{AA11BB22-CC33-DD44-EE55-FF6677889901} = {AA11BB22-CC33-DD44-EE55-FF6677889900}
		{AA11BB22-CC33-DD44-EE55-FF6677889902} = {3430B5D7-3442-E940-2D9C-B36223823D65}
		{70E98E03-AC82-43E4-220E-F6AEC3CB80D8} = {D4E5F6A7-B8C9-0123-DEF0-234567890123}
		{60635103-ACE5-46AD-A669-180A5085381F} = {70E98E03-AC82-43E4-220E-F6AEC3CB80D8}
		{74F9C662-E235-473F-BAC5-638534CD4EDA} = {70E98E03-AC82-43E4-220E-F6AEC3CB80D8}
		{A1B204F8-224F-4FD0-B653-9EAA7C3477EF} = {70E98E03-AC82-43E4-220E-F6AEC3CB80D8}
		{06F56581-69C8-4435-8C53-858595C293AB} = {70E98E03-AC82-43E4-220E-F6AEC3CB80D8}
		{1EF3F98E-24D4-4544-8FCF-4911F6B77D1A} = {70E98E03-AC82-43E4-220E-F6AEC3CB80D8}
		{A0291D13-C5A3-FA81-1485-8AE021BD95AF} = {70E98E03-AC82-43E4-220E-F6AEC3CB80D8}
		{4F16C192-4E6B-4380-B8EC-88740576A888} = {A0291D13-C5A3-FA81-1485-8AE021BD95AF}
		{089DF566-4D9F-4B11-B074-A52CE16BC320} = {A0291D13-C5A3-FA81-1485-8AE021BD95AF}
		{32C8A125-E39E-40D3-8738-279ACD53C321} = {D9F8ECC2-4551-4678-B2FF-2245E98670B3}
		{BFD4F00A-D8F0-81C5-5117-5DD93F7A8986} = {AA11BB22-CC33-DD44-EE55-FF6677889901}
		{E8DF2634-CA3E-FA88-3218-77D978292FA9} = {BFD4F00A-D8F0-81C5-5117-5DD93F7A8986}
		{E6C96790-14BE-4F69-8542-EA127F4DB962} = {E8DF2634-CA3E-FA88-3218-77D978292FA9}
		{B6BF9FAE-9C9A-B581-FC36-1ED05E9F4663} = {D269E6B0-7F09-94EF-0285-FCEBCC09D17C}
		{BB9FCDBE-0436-DE42-9F15-2E86DB1B7077} = {AA11BB22-CC33-DD44-EE55-FF6677889900}
		{C926C4F8-2636-93EF-5370-E1D6B98289F1} = {BFD4F00A-D8F0-81C5-5117-5DD93F7A8986}
		{CF1F744A-70EF-4A9D-88D2-2F4764BDDAEA} = {C926C4F8-2636-93EF-5370-E1D6B98289F1}
		{2D0C9C45-CB9E-14DC-B51B-A0D6F29378F6} = {3FA4779A-B4DD-7F87-4120-DFA01464BE5F}
		{12E16FE0-C5A5-04BF-D047-1277506A7E35} = {BFD4F00A-D8F0-81C5-5117-5DD93F7A8986}
		{9960F15F-4FD6-4CAD-A88D-F6598F42C573} = {12E16FE0-C5A5-04BF-D047-1277506A7E35}
	EndGlobalSection
	GlobalSection(ExtensibilityGlobals) = postSolution
		SolutionGuid = {12345678-90AB-CDEF-1234-567890ABCDEF}
	EndGlobalSection
EndGlobal
